// !$*UTF8*$!
{
	archiveVersion = 1;
	classes = {
	};
	objectVersion = 46;
	objects = {

/* Begin PBXBuildFile section */
		950775571575E379000D7F0B /* submit_btn.png in Resources */ = {isa = PBXBuildFile; fileRef = 950775551575E378000D7F0B /* submit_btn.png */; };
		950775581575E379000D7F0B /* submit_btn@2x.png in Resources */ = {isa = PBXBuildFile; fileRef = 950775561575E378000D7F0B /* submit_btn@2x.png */; };
		951881C2156A9955001B614B /* add_bg.png in Resources */ = {isa = PBXBuildFile; fileRef = 951881C0156A9955001B614B /* add_bg.png */; };
		951881C3156A9955001B614B /* add_bg@2x.png in Resources */ = {isa = PBXBuildFile; fileRef = 951881C1156A9955001B614B /* add_bg@2x.png */; };
		951881D2156C7B6B001B614B /* poo1.png in Resources */ = {isa = PBXBuildFile; fileRef = 951881C4156C7B6B001B614B /* poo1.png */; };
		951881D3156C7B6B001B614B /* poo1@2x.png in Resources */ = {isa = PBXBuildFile; fileRef = 951881C5156C7B6B001B614B /* poo1@2x.png */; };
		951881D4156C7B6B001B614B /* poo2.png in Resources */ = {isa = PBXBuildFile; fileRef = 951881C6156C7B6B001B614B /* poo2.png */; };
		951881D5156C7B6B001B614B /* poo2@2x.png in Resources */ = {isa = PBXBuildFile; fileRef = 951881C7156C7B6B001B614B /* poo2@2x.png */; };
		951881D6156C7B6B001B614B /* poo3.png in Resources */ = {isa = PBXBuildFile; fileRef = 951881C8156C7B6B001B614B /* poo3.png */; };
		951881D7156C7B6B001B614B /* poo3@2x.png in Resources */ = {isa = PBXBuildFile; fileRef = 951881C9156C7B6B001B614B /* poo3@2x.png */; };
		951881D8156C7B6B001B614B /* poo4.png in Resources */ = {isa = PBXBuildFile; fileRef = 951881CA156C7B6B001B614B /* poo4.png */; };
		951881D9156C7B6B001B614B /* poo4@2x.png in Resources */ = {isa = PBXBuildFile; fileRef = 951881CB156C7B6B001B614B /* poo4@2x.png */; };
		951881DA156C7B6B001B614B /* poo5.png in Resources */ = {isa = PBXBuildFile; fileRef = 951881CC156C7B6B001B614B /* poo5.png */; };
		951881DB156C7B6B001B614B /* poo5@2x.png in Resources */ = {isa = PBXBuildFile; fileRef = 951881CD156C7B6B001B614B /* poo5@2x.png */; };
		951881DC156C7B6B001B614B /* poo6.png in Resources */ = {isa = PBXBuildFile; fileRef = 951881CE156C7B6B001B614B /* poo6.png */; };
		951881DD156C7B6B001B614B /* poo6@2x.png in Resources */ = {isa = PBXBuildFile; fileRef = 951881CF156C7B6B001B614B /* poo6@2x.png */; };
		951881DE156C7B6B001B614B /* poo7.png in Resources */ = {isa = PBXBuildFile; fileRef = 951881D0156C7B6B001B614B /* poo7.png */; };
		951881DF156C7B6B001B614B /* poo7@2x.png in Resources */ = {isa = PBXBuildFile; fileRef = 951881D1156C7B6B001B614B /* poo7@2x.png */; };
		952F473C1572457000C54DDE /* bg_poo.png in Resources */ = {isa = PBXBuildFile; fileRef = 952F473A1572457000C54DDE /* bg_poo.png */; };
		952F473D1572457000C54DDE /* bg_poo@2x.png in Resources */ = {isa = PBXBuildFile; fileRef = 952F473B1572457000C54DDE /* bg_poo@2x.png */; };
		952F4740157245ED00C54DDE /* button_general_delete.png in Resources */ = {isa = PBXBuildFile; fileRef = 952F473F157245ED00C54DDE /* button_general_delete.png */; };
		952F47471572521F00C54DDE /* challange_cell.png in Resources */ = {isa = PBXBuildFile; fileRef = 952F47411572521F00C54DDE /* challange_cell.png */; };
		952F47481572521F00C54DDE /* challange_cell@2x.png in Resources */ = {isa = PBXBuildFile; fileRef = 952F47421572521F00C54DDE /* challange_cell@2x.png */; };
		952F47491572521F00C54DDE /* challange_bg.png in Resources */ = {isa = PBXBuildFile; fileRef = 952F47431572521F00C54DDE /* challange_bg.png */; };
		952F474A1572521F00C54DDE /* challange_bg@2x.png in Resources */ = {isa = PBXBuildFile; fileRef = 952F47441572521F00C54DDE /* challange_bg@2x.png */; };
		952F474B1572521F00C54DDE /* plus_btn.png in Resources */ = {isa = PBXBuildFile; fileRef = 952F47451572521F00C54DDE /* plus_btn.png */; };
		952F474C1572521F00C54DDE /* plus_btn@2x.png in Resources */ = {isa = PBXBuildFile; fileRef = 952F47461572521F00C54DDE /* plus_btn@2x.png */; };
		952F474F1572705000C54DDE /* challang_bg.png in Resources */ = {isa = PBXBuildFile; fileRef = 952F474D1572705000C54DDE /* challang_bg.png */; };
		952F47501572705000C54DDE /* challang_bg@2x.png in Resources */ = {isa = PBXBuildFile; fileRef = 952F474E1572705000C54DDE /* challang_bg@2x.png */; };
		952F475715728A4100C54DDE /* head.png in Resources */ = {isa = PBXBuildFile; fileRef = 952F475515728A4100C54DDE /* head.png */; };
		952F475815728A4100C54DDE /* head@2x.png in Resources */ = {isa = PBXBuildFile; fileRef = 952F475615728A4100C54DDE /* head@2x.png */; };
		954236EC1576699100CE1551 /* plus_sel.png in Resources */ = {isa = PBXBuildFile; fileRef = 954236D41576699100CE1551 /* plus_sel.png */; };
		954236ED1576699100CE1551 /* plus_sel@2x.png in Resources */ = {isa = PBXBuildFile; fileRef = 954236D51576699100CE1551 /* plus_sel@2x.png */; };
		954236EE1576699100CE1551 /* plus_uns.png in Resources */ = {isa = PBXBuildFile; fileRef = 954236D61576699100CE1551 /* plus_uns.png */; };
		954236EF1576699100CE1551 /* plus_uns@2x.png in Resources */ = {isa = PBXBuildFile; fileRef = 954236D71576699100CE1551 /* plus_uns@2x.png */; };
		954236F01576699100CE1551 /* minus_sel.png in Resources */ = {isa = PBXBuildFile; fileRef = 954236D81576699100CE1551 /* minus_sel.png */; };
		954236F11576699100CE1551 /* minus_sel@2x.png in Resources */ = {isa = PBXBuildFile; fileRef = 954236D91576699100CE1551 /* minus_sel@2x.png */; };
		954236F21576699100CE1551 /* minus_uns.png in Resources */ = {isa = PBXBuildFile; fileRef = 954236DA1576699100CE1551 /* minus_uns.png */; };
		954236F31576699100CE1551 /* minus_uns@2x.png in Resources */ = {isa = PBXBuildFile; fileRef = 954236DB1576699100CE1551 /* minus_uns@2x.png */; };
		954236F41576699100CE1551 /* blue_btn_pressed.png in Resources */ = {isa = PBXBuildFile; fileRef = 954236DC1576699100CE1551 /* blue_btn_pressed.png */; };
		954236F51576699100CE1551 /* blue_btn_pressed@2x.png in Resources */ = {isa = PBXBuildFile; fileRef = 954236DD1576699100CE1551 /* blue_btn_pressed@2x.png */; };
		954236F61576699100CE1551 /* blue_btn.png in Resources */ = {isa = PBXBuildFile; fileRef = 954236DE1576699100CE1551 /* blue_btn.png */; };
		954236F71576699100CE1551 /* blue_btn@2x.png in Resources */ = {isa = PBXBuildFile; fileRef = 954236DF1576699100CE1551 /* blue_btn@2x.png */; };
		954236F81576699100CE1551 /* purple_btn_pressed.png in Resources */ = {isa = PBXBuildFile; fileRef = 954236E01576699100CE1551 /* purple_btn_pressed.png */; };
		954236F91576699100CE1551 /* purple_btn_pressed@2x.png in Resources */ = {isa = PBXBuildFile; fileRef = 954236E11576699100CE1551 /* purple_btn_pressed@2x.png */; };
		954236FA1576699100CE1551 /* purple_btn.png in Resources */ = {isa = PBXBuildFile; fileRef = 954236E21576699100CE1551 /* purple_btn.png */; };
		954236FB1576699100CE1551 /* purple_btn@2x.png in Resources */ = {isa = PBXBuildFile; fileRef = 954236E31576699100CE1551 /* purple_btn@2x.png */; };
		954236FC1576699100CE1551 /* red_btn_pressed.png in Resources */ = {isa = PBXBuildFile; fileRef = 954236E41576699100CE1551 /* red_btn_pressed.png */; };
		954236FD1576699100CE1551 /* red_btn_pressed@2x.png in Resources */ = {isa = PBXBuildFile; fileRef = 954236E51576699100CE1551 /* red_btn_pressed@2x.png */; };
		954236FE1576699100CE1551 /* red_btn.png in Resources */ = {isa = PBXBuildFile; fileRef = 954236E61576699100CE1551 /* red_btn.png */; };
		954236FF1576699100CE1551 /* red_btn@2x.png in Resources */ = {isa = PBXBuildFile; fileRef = 954236E71576699100CE1551 /* red_btn@2x.png */; };
		954237001576699100CE1551 /* green_btn_pressed.png in Resources */ = {isa = PBXBuildFile; fileRef = 954236E81576699100CE1551 /* green_btn_pressed.png */; };
		954237011576699100CE1551 /* green_btn_pressed@2x.png in Resources */ = {isa = PBXBuildFile; fileRef = 954236E91576699100CE1551 /* green_btn_pressed@2x.png */; };
		954237021576699100CE1551 /* green_btn.png in Resources */ = {isa = PBXBuildFile; fileRef = 954236EA1576699100CE1551 /* green_btn.png */; };
		954237031576699100CE1551 /* green_btn@2x.png in Resources */ = {isa = PBXBuildFile; fileRef = 954236EB1576699100CE1551 /* green_btn@2x.png */; };
		9542370E157714F000CE1551 /* graph_bg.png in Resources */ = {isa = PBXBuildFile; fileRef = 9542370A157714F000CE1551 /* graph_bg.png */; };
		9542370F157714F000CE1551 /* graph_bg@2x.png in Resources */ = {isa = PBXBuildFile; fileRef = 9542370B157714F000CE1551 /* graph_bg@2x.png */; };
		9542371E15772A3D00CE1551 /* graph_event.png in Resources */ = {isa = PBXBuildFile; fileRef = 9542371A15772A3D00CE1551 /* graph_event.png */; };
		9542371F15772A3D00CE1551 /* graph_event@2x.png in Resources */ = {isa = PBXBuildFile; fileRef = 9542371B15772A3D00CE1551 /* graph_event@2x.png */; };
		9542372015772A3D00CE1551 /* graph_stool.png in Resources */ = {isa = PBXBuildFile; fileRef = 9542371C15772A3D00CE1551 /* graph_stool.png */; };
		9542372115772A3D00CE1551 /* graph_stool@2x.png in Resources */ = {isa = PBXBuildFile; fileRef = 9542371D15772A3D00CE1551 /* graph_stool@2x.png */; };
		954237241577398900CE1551 /* NSDate+SCDCategory.m in Sources */ = {isa = PBXBuildFile; fileRef = 954237231577398900CE1551 /* NSDate+SCDCategory.m */; };
		954569A61589FEFF00ECFA10 /* quitbtn.png in Resources */ = {isa = PBXBuildFile; fileRef = 954569A41589FEFF00ECFA10 /* quitbtn.png */; };
		954569A71589FEFF00ECFA10 /* quitbtn@2x.png in Resources */ = {isa = PBXBuildFile; fileRef = 954569A51589FEFF00ECFA10 /* quitbtn@2x.png */; };
		954569AC158A0AFC00ECFA10 /* next_btn.png in Resources */ = {isa = PBXBuildFile; fileRef = 954569A8158A0AFC00ECFA10 /* next_btn.png */; };
		954569AD158A0AFC00ECFA10 /* next_btn@2x.png in Resources */ = {isa = PBXBuildFile; fileRef = 954569A9158A0AFC00ECFA10 /* next_btn@2x.png */; };
		954569AE158A0AFC00ECFA10 /* previous_btn.png in Resources */ = {isa = PBXBuildFile; fileRef = 954569AA158A0AFC00ECFA10 /* previous_btn.png */; };
		954569AF158A0AFC00ECFA10 /* previous_btn@2x.png in Resources */ = {isa = PBXBuildFile; fileRef = 954569AB158A0AFC00ECFA10 /* previous_btn@2x.png */; };
		954569B2158C7E4900ECFA10 /* BarPercentageView.m in Sources */ = {isa = PBXBuildFile; fileRef = 954569B1158C7E4900ECFA10 /* BarPercentageView.m */; };
		954569B4158C7EDB00ECFA10 /* BarPercentageView.xib in Resources */ = {isa = PBXBuildFile; fileRef = 954569B3158C7EDB00ECFA10 /* BarPercentageView.xib */; };
		958371141575EAD600553A73 /* ChallengeNoteBottom.xib in Resources */ = {isa = PBXBuildFile; fileRef = 958371131575EAD600553A73 /* ChallengeNoteBottom.xib */; };
		958371171575EB3D00553A73 /* cell_bottom_chall.png in Resources */ = {isa = PBXBuildFile; fileRef = 958371151575EB3D00553A73 /* cell_bottom_chall.png */; };
		958371181575EB3D00553A73 /* cell_bottom_chall@2x.png in Resources */ = {isa = PBXBuildFile; fileRef = 958371161575EB3D00553A73 /* cell_bottom_chall@2x.png */; };
		9585B3AB1573D5F7006260DC /* ChallengeSegment.xib in Resources */ = {isa = PBXBuildFile; fileRef = 9585B3AA1573D5F7006260DC /* ChallengeSegment.xib */; };
		9585B3AE1573D780006260DC /* ChallengeNote.xib in Resources */ = {isa = PBXBuildFile; fileRef = 9585B3AD1573D780006260DC /* ChallengeNote.xib */; };
		9585B3B11573DC44006260DC /* cell.png in Resources */ = {isa = PBXBuildFile; fileRef = 9585B3AF1573DC44006260DC /* cell.png */; };
		9585B3B21573DC44006260DC /* cell@2x.png in Resources */ = {isa = PBXBuildFile; fileRef = 9585B3B01573DC44006260DC /* cell@2x.png */; };
		9585B3B51575D913006260DC /* cell_chall.png in Resources */ = {isa = PBXBuildFile; fileRef = 9585B3B31575D913006260DC /* cell_chall.png */; };
		9585B3B61575D913006260DC /* cell_chall@2x.png in Resources */ = {isa = PBXBuildFile; fileRef = 9585B3B41575D913006260DC /* cell_chall@2x.png */; };
		9585B3B81575DCE7006260DC /* ChallengeHeader.xib in Resources */ = {isa = PBXBuildFile; fileRef = 9585B3B71575DCE7006260DC /* ChallengeHeader.xib */; };
		9592465D15958EE400CE464A /* time-cell.png in Resources */ = {isa = PBXBuildFile; fileRef = 9592465B15958EE400CE464A /* time-cell.png */; };
		9592465E15958EE400CE464A /* time-cell@2x.png in Resources */ = {isa = PBXBuildFile; fileRef = 9592465C15958EE400CE464A /* time-cell@2x.png */; };
		95B4967A15690DD00011D457 /* ChallengesViewController.m in Sources */ = {isa = PBXBuildFile; fileRef = 95B4967915690DD00011D457 /* ChallengesViewController.m */; };
		95B4967F156911420011D457 /* home_bg1.png in Resources */ = {isa = PBXBuildFile; fileRef = 95B4967D156911420011D457 /* home_bg1.png */; };
		95B49680156911420011D457 /* home_bg1@2x.png in Resources */ = {isa = PBXBuildFile; fileRef = 95B4967E156911420011D457 /* home_bg1@2x.png */; };
		95B4968D156911CC0011D457 /* home_sleep_bar_top.png in Resources */ = {isa = PBXBuildFile; fileRef = 95B49681156911CB0011D457 /* home_sleep_bar_top.png */; };
		95B4968E156911CC0011D457 /* home_sleep_bar_top@2x.png in Resources */ = {isa = PBXBuildFile; fileRef = 95B49682156911CB0011D457 /* home_sleep_bar_top@2x.png */; };
		95B4968F156911CC0011D457 /* home_sleep_bar.png in Resources */ = {isa = PBXBuildFile; fileRef = 95B49683156911CB0011D457 /* home_sleep_bar.png */; };
		95B49690156911CC0011D457 /* home_sleep_bar@2x.png in Resources */ = {isa = PBXBuildFile; fileRef = 95B49684156911CB0011D457 /* home_sleep_bar@2x.png */; };
		95B49691156911CC0011D457 /* home_stool_bar_top.png in Resources */ = {isa = PBXBuildFile; fileRef = 95B49685156911CB0011D457 /* home_stool_bar_top.png */; };
		95B49692156911CC0011D457 /* home_stool_bar_top@2x.png in Resources */ = {isa = PBXBuildFile; fileRef = 95B49686156911CB0011D457 /* home_stool_bar_top@2x.png */; };
		95B49693156911CC0011D457 /* home_stool_bar.png in Resources */ = {isa = PBXBuildFile; fileRef = 95B49687156911CB0011D457 /* home_stool_bar.png */; };
		95B49694156911CC0011D457 /* home_stool_bar@2x.png in Resources */ = {isa = PBXBuildFile; fileRef = 95B49688156911CB0011D457 /* home_stool_bar@2x.png */; };
		95B49695156911CC0011D457 /* home_stress_bar_top.png in Resources */ = {isa = PBXBuildFile; fileRef = 95B49689156911CC0011D457 /* home_stress_bar_top.png */; };
		95B49696156911CC0011D457 /* home_stress_bar_top@2x.png in Resources */ = {isa = PBXBuildFile; fileRef = 95B4968A156911CC0011D457 /* home_stress_bar_top@2x.png */; };
		95B49697156911CC0011D457 /* home_stress_bar.png in Resources */ = {isa = PBXBuildFile; fileRef = 95B4968B156911CC0011D457 /* home_stress_bar.png */; };
		95B49698156911CC0011D457 /* home_stress_bar@2x.png in Resources */ = {isa = PBXBuildFile; fileRef = 95B4968C156911CC0011D457 /* home_stress_bar@2x.png */; };
		95B4969D156912FD0011D457 /* home_activity_bar_top.png in Resources */ = {isa = PBXBuildFile; fileRef = 95B49699156912FD0011D457 /* home_activity_bar_top.png */; };
		95B4969E156912FD0011D457 /* home_activity_bar_top@2x.png in Resources */ = {isa = PBXBuildFile; fileRef = 95B4969A156912FD0011D457 /* home_activity_bar_top@2x.png */; };
		95B4969F156912FD0011D457 /* home_activity_bar.png in Resources */ = {isa = PBXBuildFile; fileRef = 95B4969B156912FD0011D457 /* home_activity_bar.png */; };
		95B496A0156912FD0011D457 /* home_activity_bar@2x.png in Resources */ = {isa = PBXBuildFile; fileRef = 95B4969C156912FD0011D457 /* home_activity_bar@2x.png */; };
		95B496A3156913660011D457 /* home_bg.png in Resources */ = {isa = PBXBuildFile; fileRef = 95B496A1156913660011D457 /* home_bg.png */; };
		95B496A4156913660011D457 /* home_bg@2x.png in Resources */ = {isa = PBXBuildFile; fileRef = 95B496A2156913660011D457 /* home_bg@2x.png */; };
		95B496AB156914B30011D457 /* active0.png in Resources */ = {isa = PBXBuildFile; fileRef = 95B496A9156914B30011D457 /* active0.png */; };
		95B496AC156914B30011D457 /* active0@2x.png in Resources */ = {isa = PBXBuildFile; fileRef = 95B496AA156914B30011D457 /* active0@2x.png */; };
		95B496AF156916970011D457 /* active0s.png in Resources */ = {isa = PBXBuildFile; fileRef = 95B496AD156916970011D457 /* active0s.png */; };
		95B496B0156916970011D457 /* active0s@2x.png in Resources */ = {isa = PBXBuildFile; fileRef = 95B496AE156916970011D457 /* active0s@2x.png */; };
		95B496B7156917BB0011D457 /* active1.png in Resources */ = {isa = PBXBuildFile; fileRef = 95B496B5156917BB0011D457 /* active1.png */; };
		95B496B8156917BB0011D457 /* active1@2x.png in Resources */ = {isa = PBXBuildFile; fileRef = 95B496B6156917BB0011D457 /* active1@2x.png */; };
		95B496BB1569182A0011D457 /* active2.png in Resources */ = {isa = PBXBuildFile; fileRef = 95B496B91569182A0011D457 /* active2.png */; };
		95B496BC1569182A0011D457 /* active2@2x.png in Resources */ = {isa = PBXBuildFile; fileRef = 95B496BA1569182A0011D457 /* active2@2x.png */; };
		95B496BF156918B30011D457 /* active3.png in Resources */ = {isa = PBXBuildFile; fileRef = 95B496BD156918B30011D457 /* active3.png */; };
		95B496C0156918B30011D457 /* active3@2x.png in Resources */ = {isa = PBXBuildFile; fileRef = 95B496BE156918B30011D457 /* active3@2x.png */; };
		95B496C5156923220011D457 /* nav_button.png in Resources */ = {isa = PBXBuildFile; fileRef = 95B496C1156923220011D457 /* nav_button.png */; };
		95B496C6156923220011D457 /* nav_button@2x.png in Resources */ = {isa = PBXBuildFile; fileRef = 95B496C2156923220011D457 /* nav_button@2x.png */; };
		95B496C7156923220011D457 /* header.png in Resources */ = {isa = PBXBuildFile; fileRef = 95B496C3156923220011D457 /* header.png */; };
		95B496C8156923220011D457 /* header@2x.png in Resources */ = {isa = PBXBuildFile; fileRef = 95B496C4156923220011D457 /* header@2x.png */; };
		95B496CB15692E450011D457 /* stressed0.png in Resources */ = {isa = PBXBuildFile; fileRef = 95B496C915692E450011D457 /* stressed0.png */; };
		95B496CC15692E450011D457 /* stressed0@2x.png in Resources */ = {isa = PBXBuildFile; fileRef = 95B496CA15692E450011D457 /* stressed0@2x.png */; };
		95B496D5156936530011D457 /* stressed4.png in Resources */ = {isa = PBXBuildFile; fileRef = 95B496CD156936530011D457 /* stressed4.png */; };
		95B496D6156936530011D457 /* stressed4@2x.png in Resources */ = {isa = PBXBuildFile; fileRef = 95B496CE156936530011D457 /* stressed4@2x.png */; };
		95B496D7156936530011D457 /* stressed3.png in Resources */ = {isa = PBXBuildFile; fileRef = 95B496CF156936530011D457 /* stressed3.png */; };
		95B496D8156936530011D457 /* stressed3@2x.png in Resources */ = {isa = PBXBuildFile; fileRef = 95B496D0156936530011D457 /* stressed3@2x.png */; };
		95B496D9156936530011D457 /* stressed2.png in Resources */ = {isa = PBXBuildFile; fileRef = 95B496D1156936530011D457 /* stressed2.png */; };
		95B496DA156936530011D457 /* stressed2@2x.png in Resources */ = {isa = PBXBuildFile; fileRef = 95B496D2156936530011D457 /* stressed2@2x.png */; };
		95B496DB156936530011D457 /* stressed1.png in Resources */ = {isa = PBXBuildFile; fileRef = 95B496D3156936530011D457 /* stressed1.png */; };
		95B496DC156936530011D457 /* stressed1@2x.png in Resources */ = {isa = PBXBuildFile; fileRef = 95B496D4156936530011D457 /* stressed1@2x.png */; };
		95B496E21569C8670011D457 /* owl5.png in Resources */ = {isa = PBXBuildFile; fileRef = 95B496DD1569C8670011D457 /* owl5.png */; };
		95B496E31569C8670011D457 /* owl4.png in Resources */ = {isa = PBXBuildFile; fileRef = 95B496DE1569C8670011D457 /* owl4.png */; };
		95B496E41569C8670011D457 /* owl3.png in Resources */ = {isa = PBXBuildFile; fileRef = 95B496DF1569C8670011D457 /* owl3.png */; };
		95B496E51569C8670011D457 /* owl2.png in Resources */ = {isa = PBXBuildFile; fileRef = 95B496E01569C8670011D457 /* owl2.png */; };
		95B496E61569C8670011D457 /* owl1.png in Resources */ = {isa = PBXBuildFile; fileRef = 95B496E11569C8670011D457 /* owl1.png */; };
		BF009CBA1576676F003700FB /* GraphTabViewController.m in Sources */ = {isa = PBXBuildFile; fileRef = BF009CB91576676F003700FB /* GraphTabViewController.m */; };
		BF009CBD15766797003700FB /* GraphViewController.m in Sources */ = {isa = PBXBuildFile; fileRef = BF009CBC15766797003700FB /* GraphViewController.m */; };
		BF16EA8115725117000F2B2C /* StoolView.m in Sources */ = {isa = PBXBuildFile; fileRef = BF16EA8015725117000F2B2C /* StoolView.m */; };
		BF16EA841572512E000F2B2C /* StoolView.xib in Resources */ = {isa = PBXBuildFile; fileRef = BF16EA831572512E000F2B2C /* StoolView.xib */; };
		BF21AF8F1567B66A00B86DAE /* UIKit.framework in Frameworks */ = {isa = PBXBuildFile; fileRef = BF21AF8E1567B66A00B86DAE /* UIKit.framework */; };
		BF21AF911567B66A00B86DAE /* Foundation.framework in Frameworks */ = {isa = PBXBuildFile; fileRef = BF21AF901567B66A00B86DAE /* Foundation.framework */; };
		BF21AF931567B66A00B86DAE /* CoreGraphics.framework in Frameworks */ = {isa = PBXBuildFile; fileRef = BF21AF921567B66A00B86DAE /* CoreGraphics.framework */; };
		BF21AF991567B66A00B86DAE /* InfoPlist.strings in Resources */ = {isa = PBXBuildFile; fileRef = BF21AF971567B66A00B86DAE /* InfoPlist.strings */; };
		BF21AF9B1567B66A00B86DAE /* main.m in Sources */ = {isa = PBXBuildFile; fileRef = BF21AF9A1567B66A00B86DAE /* main.m */; };
		BF21AF9F1567B66A00B86DAE /* AppDelegate.m in Sources */ = {isa = PBXBuildFile; fileRef = BF21AF9E1567B66A00B86DAE /* AppDelegate.m */; };
		BF21AFA21567B66A00B86DAE /* MainStoryboard.storyboard in Resources */ = {isa = PBXBuildFile; fileRef = BF21AFA01567B66A00B86DAE /* MainStoryboard.storyboard */; };
		BF21AFA51567B66A00B86DAE /* MainViewController.m in Sources */ = {isa = PBXBuildFile; fileRef = BF21AFA41567B66A00B86DAE /* MainViewController.m */; };
		BF21AFAF1567BC0400B86DAE /* DataModel.xcdatamodeld in Sources */ = {isa = PBXBuildFile; fileRef = BF21AFAD1567BC0400B86DAE /* DataModel.xcdatamodeld */; };
		BF21AFB71567C0DF00B86DAE /* CoreData.framework in Frameworks */ = {isa = PBXBuildFile; fileRef = BF21AFB61567C0DF00B86DAE /* CoreData.framework */; };
		BF21AFBA1567C6AD00B86DAE /* BaseViewController.m in Sources */ = {isa = PBXBuildFile; fileRef = BF21AFB91567C6AD00B86DAE /* BaseViewController.m */; };
		BF21AFBD1567C6F100B86DAE /* AddDayViewController.m in Sources */ = {isa = PBXBuildFile; fileRef = BF21AFBC1567C6F100B86DAE /* AddDayViewController.m */; };
		BF21AFC11567D1E600B86DAE /* Util.m in Sources */ = {isa = PBXBuildFile; fileRef = BF21AFC01567D1E600B86DAE /* Util.m */; };
		BF21AFCA156942FD00B86DAE /* Bar.m in Sources */ = {isa = PBXBuildFile; fileRef = BF21AFC9156942FD00B86DAE /* Bar.m */; };
		BF21C4941573D2F700C5F65D /* TrackViewController.m in Sources */ = {isa = PBXBuildFile; fileRef = BF21C4931573D2F700C5F65D /* TrackViewController.m */; };
		BF21C53B1573E07600C5F65D /* TapkuLibrary.bundle in Resources */ = {isa = PBXBuildFile; fileRef = BF21C5341573E07600C5F65D /* TapkuLibrary.bundle */; };
		BF21C5451573E0B000C5F65D /* MapKit.framework in Frameworks */ = {isa = PBXBuildFile; fileRef = BF21C5441573E0B000C5F65D /* MapKit.framework */; };
		BF21C5471573E0BA00C5F65D /* QuartzCore.framework in Frameworks */ = {isa = PBXBuildFile; fileRef = BF21C5461573E0BA00C5F65D /* QuartzCore.framework */; };
		BF25CFA315787E5500BB01D6 /* Icon@2.png in Resources */ = {isa = PBXBuildFile; fileRef = BF25CFA215787E5500BB01D6 /* Icon@2.png */; };
		BF25CFA515787E5800BB01D6 /* Icon.png in Resources */ = {isa = PBXBuildFile; fileRef = BF25CFA415787E5800BB01D6 /* Icon.png */; };
		BF3C9C051589ABFB00EAA4F3 /* GraphView.m in Sources */ = {isa = PBXBuildFile; fileRef = BF3C9C041589ABFB00EAA4F3 /* GraphView.m */; };
		BF4D5CFC1575F46400076C9A /* libTapkuLibrary.a in Frameworks */ = {isa = PBXBuildFile; fileRef = BF21C5481573E0CD00C5F65D /* libTapkuLibrary.a */; };
		BF88D39E1589E2DF00146507 /* UIButtonDict.m in Sources */ = {isa = PBXBuildFile; fileRef = BF88D39D1589E2DF00146507 /* UIButtonDict.m */; };
		BFAF1A1D15760E9A008F6211 /* Day.m in Sources */ = {isa = PBXBuildFile; fileRef = BFAF1A1C15760E9A008F6211 /* Day.m */; };
		BFAF1A2015760E9B008F6211 /* Stool.m in Sources */ = {isa = PBXBuildFile; fileRef = BFAF1A1F15760E9B008F6211 /* Stool.m */; };
		BFAF1A2615760E9B008F6211 /* Note.m in Sources */ = {isa = PBXBuildFile; fileRef = BFAF1A2515760E9B008F6211 /* Note.m */; };
		BFAF1A29157618BA008F6211 /* AddChallengeViewController.m in Sources */ = {isa = PBXBuildFile; fileRef = BFAF1A28157618BA008F6211 /* AddChallengeViewController.m */; };
		BFAF1A34157638DB008F6211 /* ChallengeCell.m in Sources */ = {isa = PBXBuildFile; fileRef = BFAF1A33157638DB008F6211 /* ChallengeCell.m */; };
		BFE74DCE1577107B0047A83E /* ChallengeDetailViewController.m in Sources */ = {isa = PBXBuildFile; fileRef = BFE74DCD1577107B0047A83E /* ChallengeDetailViewController.m */; };
		BFE74DD1157711F60047A83E /* ChallengeHeader.m in Sources */ = {isa = PBXBuildFile; fileRef = BFE74DD0157711F60047A83E /* ChallengeHeader.m */; };
		BFE74DD4157712790047A83E /* ChallengeNote.m in Sources */ = {isa = PBXBuildFile; fileRef = BFE74DD3157712790047A83E /* ChallengeNote.m */; };
		BFE74DD7157715880047A83E /* ChallengeSegment.m in Sources */ = {isa = PBXBuildFile; fileRef = BFE74DD6157715880047A83E /* ChallengeSegment.m */; };
		BFE74DDA15771EAE0047A83E /* UIColor+SCDColors.m in Sources */ = {isa = PBXBuildFile; fileRef = BFE74DD915771EAE0047A83E /* UIColor+SCDColors.m */; };
		BFF8C6DE158DB50900BF8DDB /* Challenge.m in Sources */ = {isa = PBXBuildFile; fileRef = BFF8C6DD158DB50900BF8DDB /* Challenge.m */; };
/* End PBXBuildFile section */

/* Begin PBXContainerItemProxy section */
		BF21C53E1573E07700C5F65D /* PBXContainerItemProxy */ = {
			isa = PBXContainerItemProxy;
			containerPortal = BF21C5351573E07600C5F65D /* TapkuLibrary.xcodeproj */;
			proxyType = 2;
			remoteGlobalIDString = D2AAC07E0554694100DB518D;
			remoteInfo = TapkuLibrary;
		};
		BF21C5401573E07700C5F65D /* PBXContainerItemProxy */ = {
			isa = PBXContainerItemProxy;
			containerPortal = BF21C5351573E07600C5F65D /* TapkuLibrary.xcodeproj */;
			proxyType = 2;
			remoteGlobalIDString = 3B45DDF1134C736600D24C1A;
			remoteInfo = LogicTests;
		};
		BF21C5421573E09B00C5F65D /* PBXContainerItemProxy */ = {
			isa = PBXContainerItemProxy;
			containerPortal = BF21C5351573E07600C5F65D /* TapkuLibrary.xcodeproj */;
			proxyType = 1;
			remoteGlobalIDString = D2AAC07D0554694100DB518D;
			remoteInfo = TapkuLibrary;
		};
/* End PBXContainerItemProxy section */

/* Begin PBXFileReference section */
		950775551575E378000D7F0B /* submit_btn.png */ = {isa = PBXFileReference; lastKnownFileType = image.png; path = submit_btn.png; sourceTree = "<group>"; };
		950775561575E378000D7F0B /* submit_btn@2x.png */ = {isa = PBXFileReference; lastKnownFileType = image.png; path = "submit_btn@2x.png"; sourceTree = "<group>"; };
		951881C0156A9955001B614B /* add_bg.png */ = {isa = PBXFileReference; lastKnownFileType = image.png; path = add_bg.png; sourceTree = "<group>"; };
		951881C1156A9955001B614B /* add_bg@2x.png */ = {isa = PBXFileReference; lastKnownFileType = image.png; path = "add_bg@2x.png"; sourceTree = "<group>"; };
		951881C4156C7B6B001B614B /* poo1.png */ = {isa = PBXFileReference; lastKnownFileType = image.png; path = poo1.png; sourceTree = "<group>"; };
		951881C5156C7B6B001B614B /* poo1@2x.png */ = {isa = PBXFileReference; lastKnownFileType = image.png; path = "poo1@2x.png"; sourceTree = "<group>"; };
		951881C6156C7B6B001B614B /* poo2.png */ = {isa = PBXFileReference; lastKnownFileType = image.png; path = poo2.png; sourceTree = "<group>"; };
		951881C7156C7B6B001B614B /* poo2@2x.png */ = {isa = PBXFileReference; lastKnownFileType = image.png; path = "poo2@2x.png"; sourceTree = "<group>"; };
		951881C8156C7B6B001B614B /* poo3.png */ = {isa = PBXFileReference; lastKnownFileType = image.png; path = poo3.png; sourceTree = "<group>"; };
		951881C9156C7B6B001B614B /* poo3@2x.png */ = {isa = PBXFileReference; lastKnownFileType = image.png; path = "poo3@2x.png"; sourceTree = "<group>"; };
		951881CA156C7B6B001B614B /* poo4.png */ = {isa = PBXFileReference; lastKnownFileType = image.png; path = poo4.png; sourceTree = "<group>"; };
		951881CB156C7B6B001B614B /* poo4@2x.png */ = {isa = PBXFileReference; lastKnownFileType = image.png; path = "poo4@2x.png"; sourceTree = "<group>"; };
		951881CC156C7B6B001B614B /* poo5.png */ = {isa = PBXFileReference; lastKnownFileType = image.png; path = poo5.png; sourceTree = "<group>"; };
		951881CD156C7B6B001B614B /* poo5@2x.png */ = {isa = PBXFileReference; lastKnownFileType = image.png; path = "poo5@2x.png"; sourceTree = "<group>"; };
		951881CE156C7B6B001B614B /* poo6.png */ = {isa = PBXFileReference; lastKnownFileType = image.png; path = poo6.png; sourceTree = "<group>"; };
		951881CF156C7B6B001B614B /* poo6@2x.png */ = {isa = PBXFileReference; lastKnownFileType = image.png; path = "poo6@2x.png"; sourceTree = "<group>"; };
		951881D0156C7B6B001B614B /* poo7.png */ = {isa = PBXFileReference; lastKnownFileType = image.png; path = poo7.png; sourceTree = "<group>"; };
		951881D1156C7B6B001B614B /* poo7@2x.png */ = {isa = PBXFileReference; lastKnownFileType = image.png; path = "poo7@2x.png"; sourceTree = "<group>"; };
		952F473A1572457000C54DDE /* bg_poo.png */ = {isa = PBXFileReference; lastKnownFileType = image.png; path = bg_poo.png; sourceTree = "<group>"; };
		952F473B1572457000C54DDE /* bg_poo@2x.png */ = {isa = PBXFileReference; lastKnownFileType = image.png; path = "bg_poo@2x.png"; sourceTree = "<group>"; };
		952F473F157245ED00C54DDE /* button_general_delete.png */ = {isa = PBXFileReference; lastKnownFileType = image.png; path = button_general_delete.png; sourceTree = "<group>"; };
		952F47411572521F00C54DDE /* challange_cell.png */ = {isa = PBXFileReference; lastKnownFileType = image.png; path = challange_cell.png; sourceTree = "<group>"; };
		952F47421572521F00C54DDE /* challange_cell@2x.png */ = {isa = PBXFileReference; lastKnownFileType = image.png; path = "challange_cell@2x.png"; sourceTree = "<group>"; };
		952F47431572521F00C54DDE /* challange_bg.png */ = {isa = PBXFileReference; lastKnownFileType = image.png; path = challange_bg.png; sourceTree = "<group>"; };
		952F47441572521F00C54DDE /* challange_bg@2x.png */ = {isa = PBXFileReference; lastKnownFileType = image.png; path = "challange_bg@2x.png"; sourceTree = "<group>"; };
		952F47451572521F00C54DDE /* plus_btn.png */ = {isa = PBXFileReference; lastKnownFileType = image.png; path = plus_btn.png; sourceTree = "<group>"; };
		952F47461572521F00C54DDE /* plus_btn@2x.png */ = {isa = PBXFileReference; lastKnownFileType = image.png; path = "plus_btn@2x.png"; sourceTree = "<group>"; };
		952F474D1572705000C54DDE /* challang_bg.png */ = {isa = PBXFileReference; lastKnownFileType = image.png; path = challang_bg.png; sourceTree = "<group>"; };
		952F474E1572705000C54DDE /* challang_bg@2x.png */ = {isa = PBXFileReference; lastKnownFileType = image.png; path = "challang_bg@2x.png"; sourceTree = "<group>"; };
		952F475515728A4100C54DDE /* head.png */ = {isa = PBXFileReference; lastKnownFileType = image.png; path = head.png; sourceTree = "<group>"; };
		952F475615728A4100C54DDE /* head@2x.png */ = {isa = PBXFileReference; lastKnownFileType = image.png; path = "head@2x.png"; sourceTree = "<group>"; };
		954236D41576699100CE1551 /* plus_sel.png */ = {isa = PBXFileReference; lastKnownFileType = image.png; path = plus_sel.png; sourceTree = "<group>"; };
		954236D51576699100CE1551 /* plus_sel@2x.png */ = {isa = PBXFileReference; lastKnownFileType = image.png; path = "plus_sel@2x.png"; sourceTree = "<group>"; };
		954236D61576699100CE1551 /* plus_uns.png */ = {isa = PBXFileReference; lastKnownFileType = image.png; path = plus_uns.png; sourceTree = "<group>"; };
		954236D71576699100CE1551 /* plus_uns@2x.png */ = {isa = PBXFileReference; lastKnownFileType = image.png; path = "plus_uns@2x.png"; sourceTree = "<group>"; };
		954236D81576699100CE1551 /* minus_sel.png */ = {isa = PBXFileReference; lastKnownFileType = image.png; path = minus_sel.png; sourceTree = "<group>"; };
		954236D91576699100CE1551 /* minus_sel@2x.png */ = {isa = PBXFileReference; lastKnownFileType = image.png; path = "minus_sel@2x.png"; sourceTree = "<group>"; };
		954236DA1576699100CE1551 /* minus_uns.png */ = {isa = PBXFileReference; lastKnownFileType = image.png; path = minus_uns.png; sourceTree = "<group>"; };
		954236DB1576699100CE1551 /* minus_uns@2x.png */ = {isa = PBXFileReference; lastKnownFileType = image.png; path = "minus_uns@2x.png"; sourceTree = "<group>"; };
		954236DC1576699100CE1551 /* blue_btn_pressed.png */ = {isa = PBXFileReference; lastKnownFileType = image.png; path = blue_btn_pressed.png; sourceTree = "<group>"; };
		954236DD1576699100CE1551 /* blue_btn_pressed@2x.png */ = {isa = PBXFileReference; lastKnownFileType = image.png; path = "blue_btn_pressed@2x.png"; sourceTree = "<group>"; };
		954236DE1576699100CE1551 /* blue_btn.png */ = {isa = PBXFileReference; lastKnownFileType = image.png; path = blue_btn.png; sourceTree = "<group>"; };
		954236DF1576699100CE1551 /* blue_btn@2x.png */ = {isa = PBXFileReference; lastKnownFileType = image.png; path = "blue_btn@2x.png"; sourceTree = "<group>"; };
		954236E01576699100CE1551 /* purple_btn_pressed.png */ = {isa = PBXFileReference; lastKnownFileType = image.png; path = purple_btn_pressed.png; sourceTree = "<group>"; };
		954236E11576699100CE1551 /* purple_btn_pressed@2x.png */ = {isa = PBXFileReference; lastKnownFileType = image.png; path = "purple_btn_pressed@2x.png"; sourceTree = "<group>"; };
		954236E21576699100CE1551 /* purple_btn.png */ = {isa = PBXFileReference; lastKnownFileType = image.png; path = purple_btn.png; sourceTree = "<group>"; };
		954236E31576699100CE1551 /* purple_btn@2x.png */ = {isa = PBXFileReference; lastKnownFileType = image.png; path = "purple_btn@2x.png"; sourceTree = "<group>"; };
		954236E41576699100CE1551 /* red_btn_pressed.png */ = {isa = PBXFileReference; lastKnownFileType = image.png; path = red_btn_pressed.png; sourceTree = "<group>"; };
		954236E51576699100CE1551 /* red_btn_pressed@2x.png */ = {isa = PBXFileReference; lastKnownFileType = image.png; path = "red_btn_pressed@2x.png"; sourceTree = "<group>"; };
		954236E61576699100CE1551 /* red_btn.png */ = {isa = PBXFileReference; lastKnownFileType = image.png; path = red_btn.png; sourceTree = "<group>"; };
		954236E71576699100CE1551 /* red_btn@2x.png */ = {isa = PBXFileReference; lastKnownFileType = image.png; path = "red_btn@2x.png"; sourceTree = "<group>"; };
		954236E81576699100CE1551 /* green_btn_pressed.png */ = {isa = PBXFileReference; lastKnownFileType = image.png; path = green_btn_pressed.png; sourceTree = "<group>"; };
		954236E91576699100CE1551 /* green_btn_pressed@2x.png */ = {isa = PBXFileReference; lastKnownFileType = image.png; path = "green_btn_pressed@2x.png"; sourceTree = "<group>"; };
		954236EA1576699100CE1551 /* green_btn.png */ = {isa = PBXFileReference; lastKnownFileType = image.png; path = green_btn.png; sourceTree = "<group>"; };
		954236EB1576699100CE1551 /* green_btn@2x.png */ = {isa = PBXFileReference; lastKnownFileType = image.png; path = "green_btn@2x.png"; sourceTree = "<group>"; };
		9542370A157714F000CE1551 /* graph_bg.png */ = {isa = PBXFileReference; lastKnownFileType = image.png; path = graph_bg.png; sourceTree = "<group>"; };
		9542370B157714F000CE1551 /* graph_bg@2x.png */ = {isa = PBXFileReference; lastKnownFileType = image.png; path = "graph_bg@2x.png"; sourceTree = "<group>"; };
		9542371A15772A3D00CE1551 /* graph_event.png */ = {isa = PBXFileReference; lastKnownFileType = image.png; path = graph_event.png; sourceTree = "<group>"; };
		9542371B15772A3D00CE1551 /* graph_event@2x.png */ = {isa = PBXFileReference; lastKnownFileType = image.png; path = "graph_event@2x.png"; sourceTree = "<group>"; };
		9542371C15772A3D00CE1551 /* graph_stool.png */ = {isa = PBXFileReference; lastKnownFileType = image.png; path = graph_stool.png; sourceTree = "<group>"; };
		9542371D15772A3D00CE1551 /* graph_stool@2x.png */ = {isa = PBXFileReference; lastKnownFileType = image.png; path = "graph_stool@2x.png"; sourceTree = "<group>"; };
		954237221577398900CE1551 /* NSDate+SCDCategory.h */ = {isa = PBXFileReference; fileEncoding = 4; lastKnownFileType = sourcecode.c.h; path = "NSDate+SCDCategory.h"; sourceTree = "<group>"; };
		954237231577398900CE1551 /* NSDate+SCDCategory.m */ = {isa = PBXFileReference; fileEncoding = 4; lastKnownFileType = sourcecode.c.objc; path = "NSDate+SCDCategory.m"; sourceTree = "<group>"; };
		954569A41589FEFF00ECFA10 /* quitbtn.png */ = {isa = PBXFileReference; lastKnownFileType = image.png; path = quitbtn.png; sourceTree = "<group>"; };
		954569A51589FEFF00ECFA10 /* quitbtn@2x.png */ = {isa = PBXFileReference; lastKnownFileType = image.png; path = "quitbtn@2x.png"; sourceTree = "<group>"; };
		954569A8158A0AFC00ECFA10 /* next_btn.png */ = {isa = PBXFileReference; lastKnownFileType = image.png; path = next_btn.png; sourceTree = "<group>"; };
		954569A9158A0AFC00ECFA10 /* next_btn@2x.png */ = {isa = PBXFileReference; lastKnownFileType = image.png; path = "next_btn@2x.png"; sourceTree = "<group>"; };
		954569AA158A0AFC00ECFA10 /* previous_btn.png */ = {isa = PBXFileReference; lastKnownFileType = image.png; path = previous_btn.png; sourceTree = "<group>"; };
		954569AB158A0AFC00ECFA10 /* previous_btn@2x.png */ = {isa = PBXFileReference; lastKnownFileType = image.png; path = "previous_btn@2x.png"; sourceTree = "<group>"; };
		954569B0158C7E4900ECFA10 /* BarPercentageView.h */ = {isa = PBXFileReference; fileEncoding = 4; lastKnownFileType = sourcecode.c.h; path = BarPercentageView.h; sourceTree = "<group>"; };
		954569B1158C7E4900ECFA10 /* BarPercentageView.m */ = {isa = PBXFileReference; fileEncoding = 4; lastKnownFileType = sourcecode.c.objc; path = BarPercentageView.m; sourceTree = "<group>"; };
		954569B3158C7EDB00ECFA10 /* BarPercentageView.xib */ = {isa = PBXFileReference; fileEncoding = 4; lastKnownFileType = file.xib; path = BarPercentageView.xib; sourceTree = "<group>"; };
		958371131575EAD600553A73 /* ChallengeNoteBottom.xib */ = {isa = PBXFileReference; fileEncoding = 4; lastKnownFileType = file.xib; path = ChallengeNoteBottom.xib; sourceTree = "<group>"; };
		958371151575EB3D00553A73 /* cell_bottom_chall.png */ = {isa = PBXFileReference; lastKnownFileType = image.png; path = cell_bottom_chall.png; sourceTree = "<group>"; };
		958371161575EB3D00553A73 /* cell_bottom_chall@2x.png */ = {isa = PBXFileReference; lastKnownFileType = image.png; path = "cell_bottom_chall@2x.png"; sourceTree = "<group>"; };
		9585B3AA1573D5F7006260DC /* ChallengeSegment.xib */ = {isa = PBXFileReference; fileEncoding = 4; lastKnownFileType = file.xib; path = ChallengeSegment.xib; sourceTree = "<group>"; };
		9585B3AD1573D780006260DC /* ChallengeNote.xib */ = {isa = PBXFileReference; fileEncoding = 4; lastKnownFileType = file.xib; path = ChallengeNote.xib; sourceTree = "<group>"; };
		9585B3AF1573DC44006260DC /* cell.png */ = {isa = PBXFileReference; lastKnownFileType = image.png; path = cell.png; sourceTree = "<group>"; };
		9585B3B01573DC44006260DC /* cell@2x.png */ = {isa = PBXFileReference; lastKnownFileType = image.png; path = "cell@2x.png"; sourceTree = "<group>"; };
		9585B3B31575D913006260DC /* cell_chall.png */ = {isa = PBXFileReference; lastKnownFileType = image.png; path = cell_chall.png; sourceTree = "<group>"; };
		9585B3B41575D913006260DC /* cell_chall@2x.png */ = {isa = PBXFileReference; lastKnownFileType = image.png; path = "cell_chall@2x.png"; sourceTree = "<group>"; };
		9585B3B71575DCE7006260DC /* ChallengeHeader.xib */ = {isa = PBXFileReference; fileEncoding = 4; lastKnownFileType = file.xib; path = ChallengeHeader.xib; sourceTree = "<group>"; };
		9592465B15958EE400CE464A /* time-cell.png */ = {isa = PBXFileReference; lastKnownFileType = image.png; path = "time-cell.png"; sourceTree = "<group>"; };
		9592465C15958EE400CE464A /* time-cell@2x.png */ = {isa = PBXFileReference; lastKnownFileType = image.png; path = "time-cell@2x.png"; sourceTree = "<group>"; };
		95B4967815690DD00011D457 /* ChallengesViewController.h */ = {isa = PBXFileReference; fileEncoding = 4; lastKnownFileType = sourcecode.c.h; path = ChallengesViewController.h; sourceTree = "<group>"; };
		95B4967915690DD00011D457 /* ChallengesViewController.m */ = {isa = PBXFileReference; fileEncoding = 4; lastKnownFileType = sourcecode.c.objc; path = ChallengesViewController.m; sourceTree = "<group>"; };
		95B4967D156911420011D457 /* home_bg1.png */ = {isa = PBXFileReference; lastKnownFileType = image.png; path = home_bg1.png; sourceTree = "<group>"; };
		95B4967E156911420011D457 /* home_bg1@2x.png */ = {isa = PBXFileReference; lastKnownFileType = image.png; path = "home_bg1@2x.png"; sourceTree = "<group>"; };
		95B49681156911CB0011D457 /* home_sleep_bar_top.png */ = {isa = PBXFileReference; lastKnownFileType = image.png; path = home_sleep_bar_top.png; sourceTree = "<group>"; };
		95B49682156911CB0011D457 /* home_sleep_bar_top@2x.png */ = {isa = PBXFileReference; lastKnownFileType = image.png; path = "home_sleep_bar_top@2x.png"; sourceTree = "<group>"; };
		95B49683156911CB0011D457 /* home_sleep_bar.png */ = {isa = PBXFileReference; lastKnownFileType = image.png; path = home_sleep_bar.png; sourceTree = "<group>"; };
		95B49684156911CB0011D457 /* home_sleep_bar@2x.png */ = {isa = PBXFileReference; lastKnownFileType = image.png; path = "home_sleep_bar@2x.png"; sourceTree = "<group>"; };
		95B49685156911CB0011D457 /* home_stool_bar_top.png */ = {isa = PBXFileReference; lastKnownFileType = image.png; path = home_stool_bar_top.png; sourceTree = "<group>"; };
		95B49686156911CB0011D457 /* home_stool_bar_top@2x.png */ = {isa = PBXFileReference; lastKnownFileType = image.png; path = "home_stool_bar_top@2x.png"; sourceTree = "<group>"; };
		95B49687156911CB0011D457 /* home_stool_bar.png */ = {isa = PBXFileReference; lastKnownFileType = image.png; path = home_stool_bar.png; sourceTree = "<group>"; };
		95B49688156911CB0011D457 /* home_stool_bar@2x.png */ = {isa = PBXFileReference; lastKnownFileType = image.png; path = "home_stool_bar@2x.png"; sourceTree = "<group>"; };
		95B49689156911CC0011D457 /* home_stress_bar_top.png */ = {isa = PBXFileReference; lastKnownFileType = image.png; path = home_stress_bar_top.png; sourceTree = "<group>"; };
		95B4968A156911CC0011D457 /* home_stress_bar_top@2x.png */ = {isa = PBXFileReference; lastKnownFileType = image.png; path = "home_stress_bar_top@2x.png"; sourceTree = "<group>"; };
		95B4968B156911CC0011D457 /* home_stress_bar.png */ = {isa = PBXFileReference; lastKnownFileType = image.png; path = home_stress_bar.png; sourceTree = "<group>"; };
		95B4968C156911CC0011D457 /* home_stress_bar@2x.png */ = {isa = PBXFileReference; lastKnownFileType = image.png; path = "home_stress_bar@2x.png"; sourceTree = "<group>"; };
		95B49699156912FD0011D457 /* home_activity_bar_top.png */ = {isa = PBXFileReference; lastKnownFileType = image.png; path = home_activity_bar_top.png; sourceTree = "<group>"; };
		95B4969A156912FD0011D457 /* home_activity_bar_top@2x.png */ = {isa = PBXFileReference; lastKnownFileType = image.png; path = "home_activity_bar_top@2x.png"; sourceTree = "<group>"; };
		95B4969B156912FD0011D457 /* home_activity_bar.png */ = {isa = PBXFileReference; lastKnownFileType = image.png; path = home_activity_bar.png; sourceTree = "<group>"; };
		95B4969C156912FD0011D457 /* home_activity_bar@2x.png */ = {isa = PBXFileReference; lastKnownFileType = image.png; path = "home_activity_bar@2x.png"; sourceTree = "<group>"; };
		95B496A1156913660011D457 /* home_bg.png */ = {isa = PBXFileReference; lastKnownFileType = image.png; path = home_bg.png; sourceTree = "<group>"; };
		95B496A2156913660011D457 /* home_bg@2x.png */ = {isa = PBXFileReference; lastKnownFileType = image.png; path = "home_bg@2x.png"; sourceTree = "<group>"; };
		95B496A9156914B30011D457 /* active0.png */ = {isa = PBXFileReference; lastKnownFileType = image.png; path = active0.png; sourceTree = "<group>"; };
		95B496AA156914B30011D457 /* active0@2x.png */ = {isa = PBXFileReference; lastKnownFileType = image.png; path = "active0@2x.png"; sourceTree = "<group>"; };
		95B496AD156916970011D457 /* active0s.png */ = {isa = PBXFileReference; lastKnownFileType = image.png; path = active0s.png; sourceTree = "<group>"; };
		95B496AE156916970011D457 /* active0s@2x.png */ = {isa = PBXFileReference; lastKnownFileType = image.png; path = "active0s@2x.png"; sourceTree = "<group>"; };
		95B496B5156917BB0011D457 /* active1.png */ = {isa = PBXFileReference; lastKnownFileType = image.png; path = active1.png; sourceTree = "<group>"; };
		95B496B6156917BB0011D457 /* active1@2x.png */ = {isa = PBXFileReference; lastKnownFileType = image.png; path = "active1@2x.png"; sourceTree = "<group>"; };
		95B496B91569182A0011D457 /* active2.png */ = {isa = PBXFileReference; lastKnownFileType = image.png; path = active2.png; sourceTree = "<group>"; };
		95B496BA1569182A0011D457 /* active2@2x.png */ = {isa = PBXFileReference; lastKnownFileType = image.png; path = "active2@2x.png"; sourceTree = "<group>"; };
		95B496BD156918B30011D457 /* active3.png */ = {isa = PBXFileReference; lastKnownFileType = image.png; path = active3.png; sourceTree = "<group>"; };
		95B496BE156918B30011D457 /* active3@2x.png */ = {isa = PBXFileReference; lastKnownFileType = image.png; path = "active3@2x.png"; sourceTree = "<group>"; };
		95B496C1156923220011D457 /* nav_button.png */ = {isa = PBXFileReference; lastKnownFileType = image.png; path = nav_button.png; sourceTree = "<group>"; };
		95B496C2156923220011D457 /* nav_button@2x.png */ = {isa = PBXFileReference; lastKnownFileType = image.png; path = "nav_button@2x.png"; sourceTree = "<group>"; };
		95B496C3156923220011D457 /* header.png */ = {isa = PBXFileReference; lastKnownFileType = image.png; path = header.png; sourceTree = "<group>"; };
		95B496C4156923220011D457 /* header@2x.png */ = {isa = PBXFileReference; lastKnownFileType = image.png; path = "header@2x.png"; sourceTree = "<group>"; };
		95B496C915692E450011D457 /* stressed0.png */ = {isa = PBXFileReference; lastKnownFileType = image.png; path = stressed0.png; sourceTree = "<group>"; };
		95B496CA15692E450011D457 /* stressed0@2x.png */ = {isa = PBXFileReference; lastKnownFileType = image.png; path = "stressed0@2x.png"; sourceTree = "<group>"; };
		95B496CD156936530011D457 /* stressed4.png */ = {isa = PBXFileReference; lastKnownFileType = image.png; path = stressed4.png; sourceTree = "<group>"; };
		95B496CE156936530011D457 /* stressed4@2x.png */ = {isa = PBXFileReference; lastKnownFileType = image.png; path = "stressed4@2x.png"; sourceTree = "<group>"; };
		95B496CF156936530011D457 /* stressed3.png */ = {isa = PBXFileReference; lastKnownFileType = image.png; path = stressed3.png; sourceTree = "<group>"; };
		95B496D0156936530011D457 /* stressed3@2x.png */ = {isa = PBXFileReference; lastKnownFileType = image.png; path = "stressed3@2x.png"; sourceTree = "<group>"; };
		95B496D1156936530011D457 /* stressed2.png */ = {isa = PBXFileReference; lastKnownFileType = image.png; path = stressed2.png; sourceTree = "<group>"; };
		95B496D2156936530011D457 /* stressed2@2x.png */ = {isa = PBXFileReference; lastKnownFileType = image.png; path = "stressed2@2x.png"; sourceTree = "<group>"; };
		95B496D3156936530011D457 /* stressed1.png */ = {isa = PBXFileReference; lastKnownFileType = image.png; path = stressed1.png; sourceTree = "<group>"; };
		95B496D4156936530011D457 /* stressed1@2x.png */ = {isa = PBXFileReference; lastKnownFileType = image.png; path = "stressed1@2x.png"; sourceTree = "<group>"; };
		95B496DD1569C8670011D457 /* owl5.png */ = {isa = PBXFileReference; lastKnownFileType = image.png; path = owl5.png; sourceTree = "<group>"; };
		95B496DE1569C8670011D457 /* owl4.png */ = {isa = PBXFileReference; lastKnownFileType = image.png; path = owl4.png; sourceTree = "<group>"; };
		95B496DF1569C8670011D457 /* owl3.png */ = {isa = PBXFileReference; lastKnownFileType = image.png; path = owl3.png; sourceTree = "<group>"; };
		95B496E01569C8670011D457 /* owl2.png */ = {isa = PBXFileReference; lastKnownFileType = image.png; path = owl2.png; sourceTree = "<group>"; };
		95B496E11569C8670011D457 /* owl1.png */ = {isa = PBXFileReference; lastKnownFileType = image.png; path = owl1.png; sourceTree = "<group>"; };
		BF009CB81576676F003700FB /* GraphTabViewController.h */ = {isa = PBXFileReference; fileEncoding = 4; lastKnownFileType = sourcecode.c.h; path = GraphTabViewController.h; sourceTree = "<group>"; };
		BF009CB91576676F003700FB /* GraphTabViewController.m */ = {isa = PBXFileReference; fileEncoding = 4; lastKnownFileType = sourcecode.c.objc; path = GraphTabViewController.m; sourceTree = "<group>"; };
		BF009CBB15766797003700FB /* GraphViewController.h */ = {isa = PBXFileReference; fileEncoding = 4; lastKnownFileType = sourcecode.c.h; path = GraphViewController.h; sourceTree = "<group>"; };
		BF009CBC15766797003700FB /* GraphViewController.m */ = {isa = PBXFileReference; fileEncoding = 4; lastKnownFileType = sourcecode.c.objc; path = GraphViewController.m; sourceTree = "<group>"; };
		BF16EA7F15725117000F2B2C /* StoolView.h */ = {isa = PBXFileReference; fileEncoding = 4; lastKnownFileType = sourcecode.c.h; path = StoolView.h; sourceTree = "<group>"; };
		BF16EA8015725117000F2B2C /* StoolView.m */ = {isa = PBXFileReference; fileEncoding = 4; lastKnownFileType = sourcecode.c.objc; path = StoolView.m; sourceTree = "<group>"; };
		BF16EA831572512E000F2B2C /* StoolView.xib */ = {isa = PBXFileReference; fileEncoding = 4; lastKnownFileType = file.xib; path = StoolView.xib; sourceTree = "<group>"; };
		BF21AF8A1567B66A00B86DAE /* SCDLifeStyle.app */ = {isa = PBXFileReference; explicitFileType = wrapper.application; includeInIndex = 0; path = SCDLifeStyle.app; sourceTree = BUILT_PRODUCTS_DIR; };
		BF21AF8E1567B66A00B86DAE /* UIKit.framework */ = {isa = PBXFileReference; lastKnownFileType = wrapper.framework; name = UIKit.framework; path = System/Library/Frameworks/UIKit.framework; sourceTree = SDKROOT; };
		BF21AF901567B66A00B86DAE /* Foundation.framework */ = {isa = PBXFileReference; lastKnownFileType = wrapper.framework; name = Foundation.framework; path = System/Library/Frameworks/Foundation.framework; sourceTree = SDKROOT; };
		BF21AF921567B66A00B86DAE /* CoreGraphics.framework */ = {isa = PBXFileReference; lastKnownFileType = wrapper.framework; name = CoreGraphics.framework; path = System/Library/Frameworks/CoreGraphics.framework; sourceTree = SDKROOT; };
		BF21AF961567B66A00B86DAE /* SCDLifeStyle-Info.plist */ = {isa = PBXFileReference; lastKnownFileType = text.plist.xml; path = "SCDLifeStyle-Info.plist"; sourceTree = "<group>"; };
		BF21AF981567B66A00B86DAE /* en */ = {isa = PBXFileReference; lastKnownFileType = text.plist.strings; name = en; path = en.lproj/InfoPlist.strings; sourceTree = "<group>"; };
		BF21AF9A1567B66A00B86DAE /* main.m */ = {isa = PBXFileReference; lastKnownFileType = sourcecode.c.objc; path = main.m; sourceTree = "<group>"; };
		BF21AF9C1567B66A00B86DAE /* SCDLifeStyle-Prefix.pch */ = {isa = PBXFileReference; lastKnownFileType = sourcecode.c.h; path = "SCDLifeStyle-Prefix.pch"; sourceTree = "<group>"; };
		BF21AF9D1567B66A00B86DAE /* AppDelegate.h */ = {isa = PBXFileReference; lastKnownFileType = sourcecode.c.h; path = AppDelegate.h; sourceTree = "<group>"; };
		BF21AF9E1567B66A00B86DAE /* AppDelegate.m */ = {isa = PBXFileReference; lastKnownFileType = sourcecode.c.objc; path = AppDelegate.m; sourceTree = "<group>"; };
		BF21AFA11567B66A00B86DAE /* en */ = {isa = PBXFileReference; lastKnownFileType = file.storyboard; name = en; path = en.lproj/MainStoryboard.storyboard; sourceTree = "<group>"; };
		BF21AFA31567B66A00B86DAE /* MainViewController.h */ = {isa = PBXFileReference; lastKnownFileType = sourcecode.c.h; path = MainViewController.h; sourceTree = "<group>"; };
		BF21AFA41567B66A00B86DAE /* MainViewController.m */ = {isa = PBXFileReference; lastKnownFileType = sourcecode.c.objc; path = MainViewController.m; sourceTree = "<group>"; };
		BF21AFAE1567BC0400B86DAE /* DataModel.xcdatamodel */ = {isa = PBXFileReference; lastKnownFileType = wrapper.xcdatamodel; path = DataModel.xcdatamodel; sourceTree = "<group>"; };
		BF21AFB61567C0DF00B86DAE /* CoreData.framework */ = {isa = PBXFileReference; lastKnownFileType = wrapper.framework; name = CoreData.framework; path = System/Library/Frameworks/CoreData.framework; sourceTree = SDKROOT; };
		BF21AFB81567C6AD00B86DAE /* BaseViewController.h */ = {isa = PBXFileReference; fileEncoding = 4; lastKnownFileType = sourcecode.c.h; path = BaseViewController.h; sourceTree = "<group>"; };
		BF21AFB91567C6AD00B86DAE /* BaseViewController.m */ = {isa = PBXFileReference; fileEncoding = 4; lastKnownFileType = sourcecode.c.objc; path = BaseViewController.m; sourceTree = "<group>"; };
		BF21AFBB1567C6F100B86DAE /* AddDayViewController.h */ = {isa = PBXFileReference; fileEncoding = 4; lastKnownFileType = sourcecode.c.h; path = AddDayViewController.h; sourceTree = "<group>"; };
		BF21AFBC1567C6F100B86DAE /* AddDayViewController.m */ = {isa = PBXFileReference; fileEncoding = 4; lastKnownFileType = sourcecode.c.objc; path = AddDayViewController.m; sourceTree = "<group>"; };
		BF21AFBF1567D1E600B86DAE /* Util.h */ = {isa = PBXFileReference; fileEncoding = 4; lastKnownFileType = sourcecode.c.h; path = Util.h; sourceTree = "<group>"; };
		BF21AFC01567D1E600B86DAE /* Util.m */ = {isa = PBXFileReference; fileEncoding = 4; lastKnownFileType = sourcecode.c.objc; path = Util.m; sourceTree = "<group>"; };
		BF21AFC8156942FD00B86DAE /* Bar.h */ = {isa = PBXFileReference; fileEncoding = 4; lastKnownFileType = sourcecode.c.h; path = Bar.h; sourceTree = "<group>"; };
		BF21AFC9156942FD00B86DAE /* Bar.m */ = {isa = PBXFileReference; fileEncoding = 4; lastKnownFileType = sourcecode.c.objc; path = Bar.m; sourceTree = "<group>"; };
		BF21C4921573D2F700C5F65D /* TrackViewController.h */ = {isa = PBXFileReference; fileEncoding = 4; lastKnownFileType = sourcecode.c.h; path = TrackViewController.h; sourceTree = "<group>"; };
		BF21C4931573D2F700C5F65D /* TrackViewController.m */ = {isa = PBXFileReference; fileEncoding = 4; lastKnownFileType = sourcecode.c.objc; path = TrackViewController.m; sourceTree = "<group>"; };
		BF21C5341573E07600C5F65D /* TapkuLibrary.bundle */ = {isa = PBXFileReference; lastKnownFileType = "wrapper.plug-in"; name = TapkuLibrary.bundle; path = TapkuLibrary/src/TapkuLibrary.bundle; sourceTree = "<group>"; };
		BF21C5351573E07600C5F65D /* TapkuLibrary.xcodeproj */ = {isa = PBXFileReference; lastKnownFileType = "wrapper.pb-project"; name = TapkuLibrary.xcodeproj; path = TapkuLibrary/src/TapkuLibrary.xcodeproj; sourceTree = "<group>"; };
		BF21C5441573E0B000C5F65D /* MapKit.framework */ = {isa = PBXFileReference; lastKnownFileType = wrapper.framework; name = MapKit.framework; path = System/Library/Frameworks/MapKit.framework; sourceTree = SDKROOT; };
		BF21C5461573E0BA00C5F65D /* QuartzCore.framework */ = {isa = PBXFileReference; lastKnownFileType = wrapper.framework; name = QuartzCore.framework; path = System/Library/Frameworks/QuartzCore.framework; sourceTree = SDKROOT; };
		BF21C5481573E0CD00C5F65D /* libTapkuLibrary.a */ = {isa = PBXFileReference; lastKnownFileType = archive.ar; name = libTapkuLibrary.a; path = TapkuLibrary/src/libTapkuLibrary.a; sourceTree = "<group>"; };
		BF25CFA215787E5500BB01D6 /* Icon@2.png */ = {isa = PBXFileReference; lastKnownFileType = image.png; path = "Icon@2.png"; sourceTree = "<group>"; };
		BF25CFA415787E5800BB01D6 /* Icon.png */ = {isa = PBXFileReference; lastKnownFileType = image.png; path = Icon.png; sourceTree = "<group>"; };
		BF3C9C031589ABFB00EAA4F3 /* GraphView.h */ = {isa = PBXFileReference; fileEncoding = 4; lastKnownFileType = sourcecode.c.h; path = GraphView.h; sourceTree = "<group>"; };
		BF3C9C041589ABFB00EAA4F3 /* GraphView.m */ = {isa = PBXFileReference; fileEncoding = 4; lastKnownFileType = sourcecode.c.objc; path = GraphView.m; sourceTree = "<group>"; };
		BF88D39C1589E2DF00146507 /* UIButtonDict.h */ = {isa = PBXFileReference; fileEncoding = 4; lastKnownFileType = sourcecode.c.h; path = UIButtonDict.h; sourceTree = "<group>"; };
		BF88D39D1589E2DF00146507 /* UIButtonDict.m */ = {isa = PBXFileReference; fileEncoding = 4; lastKnownFileType = sourcecode.c.objc; path = UIButtonDict.m; sourceTree = "<group>"; };
		BFAF1A1B15760E9A008F6211 /* Day.h */ = {isa = PBXFileReference; fileEncoding = 4; lastKnownFileType = sourcecode.c.h; path = Day.h; sourceTree = "<group>"; };
		BFAF1A1C15760E9A008F6211 /* Day.m */ = {isa = PBXFileReference; fileEncoding = 4; lastKnownFileType = sourcecode.c.objc; path = Day.m; sourceTree = "<group>"; };
		BFAF1A1E15760E9B008F6211 /* Stool.h */ = {isa = PBXFileReference; fileEncoding = 4; lastKnownFileType = sourcecode.c.h; path = Stool.h; sourceTree = "<group>"; };
		BFAF1A1F15760E9B008F6211 /* Stool.m */ = {isa = PBXFileReference; fileEncoding = 4; lastKnownFileType = sourcecode.c.objc; path = Stool.m; sourceTree = "<group>"; };
		BFAF1A2415760E9B008F6211 /* Note.h */ = {isa = PBXFileReference; fileEncoding = 4; lastKnownFileType = sourcecode.c.h; path = Note.h; sourceTree = "<group>"; };
		BFAF1A2515760E9B008F6211 /* Note.m */ = {isa = PBXFileReference; fileEncoding = 4; lastKnownFileType = sourcecode.c.objc; path = Note.m; sourceTree = "<group>"; };
		BFAF1A27157618BA008F6211 /* AddChallengeViewController.h */ = {isa = PBXFileReference; fileEncoding = 4; lastKnownFileType = sourcecode.c.h; path = AddChallengeViewController.h; sourceTree = "<group>"; };
		BFAF1A28157618BA008F6211 /* AddChallengeViewController.m */ = {isa = PBXFileReference; fileEncoding = 4; lastKnownFileType = sourcecode.c.objc; path = AddChallengeViewController.m; sourceTree = "<group>"; };
		BFAF1A32157638DB008F6211 /* ChallengeCell.h */ = {isa = PBXFileReference; fileEncoding = 4; lastKnownFileType = sourcecode.c.h; path = ChallengeCell.h; sourceTree = "<group>"; };
		BFAF1A33157638DB008F6211 /* ChallengeCell.m */ = {isa = PBXFileReference; fileEncoding = 4; lastKnownFileType = sourcecode.c.objc; path = ChallengeCell.m; sourceTree = "<group>"; };
		BFE74DCC1577107B0047A83E /* ChallengeDetailViewController.h */ = {isa = PBXFileReference; fileEncoding = 4; lastKnownFileType = sourcecode.c.h; path = ChallengeDetailViewController.h; sourceTree = "<group>"; };
		BFE74DCD1577107B0047A83E /* ChallengeDetailViewController.m */ = {isa = PBXFileReference; fileEncoding = 4; lastKnownFileType = sourcecode.c.objc; path = ChallengeDetailViewController.m; sourceTree = "<group>"; };
		BFE74DCF157711F60047A83E /* ChallengeHeader.h */ = {isa = PBXFileReference; fileEncoding = 4; lastKnownFileType = sourcecode.c.h; path = ChallengeHeader.h; sourceTree = "<group>"; };
		BFE74DD0157711F60047A83E /* ChallengeHeader.m */ = {isa = PBXFileReference; fileEncoding = 4; lastKnownFileType = sourcecode.c.objc; path = ChallengeHeader.m; sourceTree = "<group>"; };
		BFE74DD2157712790047A83E /* ChallengeNote.h */ = {isa = PBXFileReference; fileEncoding = 4; lastKnownFileType = sourcecode.c.h; path = ChallengeNote.h; sourceTree = "<group>"; };
		BFE74DD3157712790047A83E /* ChallengeNote.m */ = {isa = PBXFileReference; fileEncoding = 4; lastKnownFileType = sourcecode.c.objc; path = ChallengeNote.m; sourceTree = "<group>"; };
		BFE74DD5157715880047A83E /* ChallengeSegment.h */ = {isa = PBXFileReference; fileEncoding = 4; lastKnownFileType = sourcecode.c.h; path = ChallengeSegment.h; sourceTree = "<group>"; };
		BFE74DD6157715880047A83E /* ChallengeSegment.m */ = {isa = PBXFileReference; fileEncoding = 4; lastKnownFileType = sourcecode.c.objc; path = ChallengeSegment.m; sourceTree = "<group>"; };
		BFE74DD815771EAE0047A83E /* UIColor+SCDColors.h */ = {isa = PBXFileReference; fileEncoding = 4; lastKnownFileType = sourcecode.c.h; path = "UIColor+SCDColors.h"; sourceTree = "<group>"; };
		BFE74DD915771EAE0047A83E /* UIColor+SCDColors.m */ = {isa = PBXFileReference; fileEncoding = 4; lastKnownFileType = sourcecode.c.objc; path = "UIColor+SCDColors.m"; sourceTree = "<group>"; };
		BFF8C6DC158DB50900BF8DDB /* Challenge.h */ = {isa = PBXFileReference; fileEncoding = 4; lastKnownFileType = sourcecode.c.h; path = Challenge.h; sourceTree = "<group>"; };
		BFF8C6DD158DB50900BF8DDB /* Challenge.m */ = {isa = PBXFileReference; fileEncoding = 4; lastKnownFileType = sourcecode.c.objc; path = Challenge.m; sourceTree = "<group>"; };
/* End PBXFileReference section */

/* Begin PBXFrameworksBuildPhase section */
		BF21AF871567B66A00B86DAE /* Frameworks */ = {
			isa = PBXFrameworksBuildPhase;
			buildActionMask = 2147483647;
			files = (
				BF4D5CFC1575F46400076C9A /* libTapkuLibrary.a in Frameworks */,
				BF21C5471573E0BA00C5F65D /* QuartzCore.framework in Frameworks */,
				BF21C5451573E0B000C5F65D /* MapKit.framework in Frameworks */,
				BF21AFB71567C0DF00B86DAE /* CoreData.framework in Frameworks */,
				BF21AF8F1567B66A00B86DAE /* UIKit.framework in Frameworks */,
				BF21AF911567B66A00B86DAE /* Foundation.framework in Frameworks */,
				BF21AF931567B66A00B86DAE /* CoreGraphics.framework in Frameworks */,
			);
			runOnlyForDeploymentPostprocessing = 0;
		};
/* End PBXFrameworksBuildPhase section */

/* Begin PBXGroup section */
		954236CF1576697500CE1551 /* graph */ = {
			isa = PBXGroup;
			children = (
				9542371A15772A3D00CE1551 /* graph_event.png */,
				9542371B15772A3D00CE1551 /* graph_event@2x.png */,
				9542371C15772A3D00CE1551 /* graph_stool.png */,
				9542371D15772A3D00CE1551 /* graph_stool@2x.png */,
				9542370A157714F000CE1551 /* graph_bg.png */,
				9542370B157714F000CE1551 /* graph_bg@2x.png */,
				954236D41576699100CE1551 /* plus_sel.png */,
				954236D51576699100CE1551 /* plus_sel@2x.png */,
				954236D61576699100CE1551 /* plus_uns.png */,
				954236D71576699100CE1551 /* plus_uns@2x.png */,
				954236D81576699100CE1551 /* minus_sel.png */,
				954236D91576699100CE1551 /* minus_sel@2x.png */,
				954236DA1576699100CE1551 /* minus_uns.png */,
				954236DB1576699100CE1551 /* minus_uns@2x.png */,
				954236DC1576699100CE1551 /* blue_btn_pressed.png */,
				954236DD1576699100CE1551 /* blue_btn_pressed@2x.png */,
				954236DE1576699100CE1551 /* blue_btn.png */,
				954236DF1576699100CE1551 /* blue_btn@2x.png */,
				954236E01576699100CE1551 /* purple_btn_pressed.png */,
				954236E11576699100CE1551 /* purple_btn_pressed@2x.png */,
				954236E21576699100CE1551 /* purple_btn.png */,
				954236E31576699100CE1551 /* purple_btn@2x.png */,
				954236E41576699100CE1551 /* red_btn_pressed.png */,
				954236E51576699100CE1551 /* red_btn_pressed@2x.png */,
				954236E61576699100CE1551 /* red_btn.png */,
				954236E71576699100CE1551 /* red_btn@2x.png */,
				954236E81576699100CE1551 /* green_btn_pressed.png */,
				954236E91576699100CE1551 /* green_btn_pressed@2x.png */,
				954236EA1576699100CE1551 /* green_btn.png */,
				954236EB1576699100CE1551 /* green_btn@2x.png */,
				954569A41589FEFF00ECFA10 /* quitbtn.png */,
				954569A51589FEFF00ECFA10 /* quitbtn@2x.png */,
				954569A8158A0AFC00ECFA10 /* next_btn.png */,
				954569A9158A0AFC00ECFA10 /* next_btn@2x.png */,
				954569AA158A0AFC00ECFA10 /* previous_btn.png */,
				954569AB158A0AFC00ECFA10 /* previous_btn@2x.png */,
			);
			name = graph;
			sourceTree = "<group>";
		};
		9592465A15958ECF00CE464A /* challenge graph */ = {
			isa = PBXGroup;
			children = (
				9592465B15958EE400CE464A /* time-cell.png */,
				9592465C15958EE400CE464A /* time-cell@2x.png */,
			);
			name = "challenge graph";
			sourceTree = "<group>";
		};
		95B4967C156911210011D457 /* assets */ = {
			isa = PBXGroup;
			children = (
				95B4967D156911420011D457 /* home_bg1.png */,
				954236CF1576697500CE1551 /* graph */,
				95B4967E156911420011D457 /* home_bg1@2x.png */,
				9592465A15958ECF00CE464A /* challenge graph */,
				95B49681156911CB0011D457 /* home_sleep_bar_top.png */,
				95B49682156911CB0011D457 /* home_sleep_bar_top@2x.png */,
				95B49683156911CB0011D457 /* home_sleep_bar.png */,
				95B49684156911CB0011D457 /* home_sleep_bar@2x.png */,
				95B49685156911CB0011D457 /* home_stool_bar_top.png */,
				95B49686156911CB0011D457 /* home_stool_bar_top@2x.png */,
				95B49687156911CB0011D457 /* home_stool_bar.png */,
				95B49688156911CB0011D457 /* home_stool_bar@2x.png */,
				95B49689156911CC0011D457 /* home_stress_bar_top.png */,
				95B4968A156911CC0011D457 /* home_stress_bar_top@2x.png */,
				95B4968B156911CC0011D457 /* home_stress_bar.png */,
				95B496A1156913660011D457 /* home_bg.png */,
				95B496A2156913660011D457 /* home_bg@2x.png */,
				95B4968C156911CC0011D457 /* home_stress_bar@2x.png */,
				95B49699156912FD0011D457 /* home_activity_bar_top.png */,
				95B4969A156912FD0011D457 /* home_activity_bar_top@2x.png */,
				950775551575E378000D7F0B /* submit_btn.png */,
				950775561575E378000D7F0B /* submit_btn@2x.png */,
				9585B3B31575D913006260DC /* cell_chall.png */,
				9585B3B41575D913006260DC /* cell_chall@2x.png */,
				95B4969B156912FD0011D457 /* home_activity_bar.png */,
				95B4969C156912FD0011D457 /* home_activity_bar@2x.png */,
				95B496A9156914B30011D457 /* active0.png */,
				95B496AA156914B30011D457 /* active0@2x.png */,
				95B496AD156916970011D457 /* active0s.png */,
				95B496AE156916970011D457 /* active0s@2x.png */,
				958371151575EB3D00553A73 /* cell_bottom_chall.png */,
				958371161575EB3D00553A73 /* cell_bottom_chall@2x.png */,
				95B496B5156917BB0011D457 /* active1.png */,
				95B496B6156917BB0011D457 /* active1@2x.png */,
				95B496B91569182A0011D457 /* active2.png */,
				95B496BA1569182A0011D457 /* active2@2x.png */,
				95B496BD156918B30011D457 /* active3.png */,
				95B496BE156918B30011D457 /* active3@2x.png */,
				95B496C1156923220011D457 /* nav_button.png */,
				951881C4156C7B6B001B614B /* poo1.png */,
				951881C5156C7B6B001B614B /* poo1@2x.png */,
				951881C6156C7B6B001B614B /* poo2.png */,
				951881C7156C7B6B001B614B /* poo2@2x.png */,
				951881C8156C7B6B001B614B /* poo3.png */,
				951881C9156C7B6B001B614B /* poo3@2x.png */,
				951881CA156C7B6B001B614B /* poo4.png */,
				951881CB156C7B6B001B614B /* poo4@2x.png */,
				951881CC156C7B6B001B614B /* poo5.png */,
				951881CD156C7B6B001B614B /* poo5@2x.png */,
				951881CE156C7B6B001B614B /* poo6.png */,
				951881CF156C7B6B001B614B /* poo6@2x.png */,
				951881D0156C7B6B001B614B /* poo7.png */,
				951881D1156C7B6B001B614B /* poo7@2x.png */,
				95B496C2156923220011D457 /* nav_button@2x.png */,
				95B496C3156923220011D457 /* header.png */,
				95B496C4156923220011D457 /* header@2x.png */,
				95B496C915692E450011D457 /* stressed0.png */,
				95B496CA15692E450011D457 /* stressed0@2x.png */,
				951881C0156A9955001B614B /* add_bg.png */,
				951881C1156A9955001B614B /* add_bg@2x.png */,
				95B496CD156936530011D457 /* stressed4.png */,
				95B496CE156936530011D457 /* stressed4@2x.png */,
				95B496CF156936530011D457 /* stressed3.png */,
				95B496DD1569C8670011D457 /* owl5.png */,
				95B496DE1569C8670011D457 /* owl4.png */,
				95B496DF1569C8670011D457 /* owl3.png */,
				95B496E01569C8670011D457 /* owl2.png */,
				95B496E11569C8670011D457 /* owl1.png */,
				95B496D0156936530011D457 /* stressed3@2x.png */,
				952F473A1572457000C54DDE /* bg_poo.png */,
				952F473B1572457000C54DDE /* bg_poo@2x.png */,
				95B496D1156936530011D457 /* stressed2.png */,
				952F47411572521F00C54DDE /* challange_cell.png */,
				952F47421572521F00C54DDE /* challange_cell@2x.png */,
				952F47431572521F00C54DDE /* challange_bg.png */,
				952F47441572521F00C54DDE /* challange_bg@2x.png */,
				952F474D1572705000C54DDE /* challang_bg.png */,
				952F474E1572705000C54DDE /* challang_bg@2x.png */,
				952F47451572521F00C54DDE /* plus_btn.png */,
				952F47461572521F00C54DDE /* plus_btn@2x.png */,
				952F473F157245ED00C54DDE /* button_general_delete.png */,
				952F475515728A4100C54DDE /* head.png */,
				952F475615728A4100C54DDE /* head@2x.png */,
				9585B3AF1573DC44006260DC /* cell.png */,
				9585B3B01573DC44006260DC /* cell@2x.png */,
				95B496D2156936530011D457 /* stressed2@2x.png */,
				95B496D3156936530011D457 /* stressed1.png */,
				95B496D4156936530011D457 /* stressed1@2x.png */,
			);
			name = assets;
			sourceTree = "<group>";
		};
		BF21AF7F1567B66A00B86DAE = {
			isa = PBXGroup;
			children = (
				BF25CFA415787E5800BB01D6 /* Icon.png */,
				BF25CFA215787E5500BB01D6 /* Icon@2.png */,
				BF21C5481573E0CD00C5F65D /* libTapkuLibrary.a */,
				BF21C5461573E0BA00C5F65D /* QuartzCore.framework */,
				BF21C5441573E0B000C5F65D /* MapKit.framework */,
				BF21AF941567B66A00B86DAE /* SCDLifeStyle */,
				BF21AF8D1567B66A00B86DAE /* Frameworks */,
				BF21AF8B1567B66A00B86DAE /* Products */,
			);
			sourceTree = "<group>";
		};
		BF21AF8B1567B66A00B86DAE /* Products */ = {
			isa = PBXGroup;
			children = (
				BF21AF8A1567B66A00B86DAE /* SCDLifeStyle.app */,
			);
			name = Products;
			sourceTree = "<group>";
		};
		BF21AF8D1567B66A00B86DAE /* Frameworks */ = {
			isa = PBXGroup;
			children = (
				BF21C5341573E07600C5F65D /* TapkuLibrary.bundle */,
				BF21C5351573E07600C5F65D /* TapkuLibrary.xcodeproj */,
				BF21AFB61567C0DF00B86DAE /* CoreData.framework */,
				BF21AF8E1567B66A00B86DAE /* UIKit.framework */,
				BF21AF901567B66A00B86DAE /* Foundation.framework */,
				BF21AF921567B66A00B86DAE /* CoreGraphics.framework */,
			);
			name = Frameworks;
			sourceTree = "<group>";
		};
		BF21AF941567B66A00B86DAE /* SCDLifeStyle */ = {
			isa = PBXGroup;
			children = (
				BF21AFC6156942C600B86DAE /* Components */,
				95B4967C156911210011D457 /* assets */,
				BF21AFBE1567D1C500B86DAE /* Util */,
				BF21AFAC1567BBAB00B86DAE /* Data */,
				BF21AFAB1567B86100B86DAE /* Views */,
				BF21AF9D1567B66A00B86DAE /* AppDelegate.h */,
				BF21AF9E1567B66A00B86DAE /* AppDelegate.m */,
				BF21AFA01567B66A00B86DAE /* MainStoryboard.storyboard */,
				BF21AF951567B66A00B86DAE /* Supporting Files */,
			);
			path = SCDLifeStyle;
			sourceTree = "<group>";
		};
		BF21AF951567B66A00B86DAE /* Supporting Files */ = {
			isa = PBXGroup;
			children = (
				BF21AF961567B66A00B86DAE /* SCDLifeStyle-Info.plist */,
				BF21AF971567B66A00B86DAE /* InfoPlist.strings */,
				BF21AF9A1567B66A00B86DAE /* main.m */,
				BF21AF9C1567B66A00B86DAE /* SCDLifeStyle-Prefix.pch */,
			);
			name = "Supporting Files";
			sourceTree = "<group>";
		};
		BF21AFAB1567B86100B86DAE /* Views */ = {
			isa = PBXGroup;
			children = (
				BF21AFB81567C6AD00B86DAE /* BaseViewController.h */,
				BF21AFB91567C6AD00B86DAE /* BaseViewController.m */,
				BF21AFA31567B66A00B86DAE /* MainViewController.h */,
				BF21AFA41567B66A00B86DAE /* MainViewController.m */,
				BF21AFBB1567C6F100B86DAE /* AddDayViewController.h */,
				BF21AFBC1567C6F100B86DAE /* AddDayViewController.m */,
				95B4967815690DD00011D457 /* ChallengesViewController.h */,
				95B4967915690DD00011D457 /* ChallengesViewController.m */,
				BF21C4921573D2F700C5F65D /* TrackViewController.h */,
				BF21C4931573D2F700C5F65D /* TrackViewController.m */,
				BFAF1A27157618BA008F6211 /* AddChallengeViewController.h */,
				BFAF1A28157618BA008F6211 /* AddChallengeViewController.m */,
				BF009CB81576676F003700FB /* GraphTabViewController.h */,
				BF009CB91576676F003700FB /* GraphTabViewController.m */,
				BF009CBB15766797003700FB /* GraphViewController.h */,
				BF009CBC15766797003700FB /* GraphViewController.m */,
				BFE74DCC1577107B0047A83E /* ChallengeDetailViewController.h */,
				BFE74DCD1577107B0047A83E /* ChallengeDetailViewController.m */,
			);
			name = Views;
			sourceTree = "<group>";
		};
		BF21AFAC1567BBAB00B86DAE /* Data */ = {
			isa = PBXGroup;
			children = (
				BF21AFAD1567BC0400B86DAE /* DataModel.xcdatamodeld */,
				BFF8C6DC158DB50900BF8DDB /* Challenge.h */,
				BFF8C6DD158DB50900BF8DDB /* Challenge.m */,
				BFAF1A2415760E9B008F6211 /* Note.h */,
				BFAF1A2515760E9B008F6211 /* Note.m */,
				BFAF1A1E15760E9B008F6211 /* Stool.h */,
				BFAF1A1F15760E9B008F6211 /* Stool.m */,
				BFAF1A1B15760E9A008F6211 /* Day.h */,
				BFAF1A1C15760E9A008F6211 /* Day.m */,
			);
			name = Data;
			sourceTree = "<group>";
		};
		BF21AFBE1567D1C500B86DAE /* Util */ = {
			isa = PBXGroup;
			children = (
				BF21AFBF1567D1E600B86DAE /* Util.h */,
				BF21AFC01567D1E600B86DAE /* Util.m */,
				BFE74DD815771EAE0047A83E /* UIColor+SCDColors.h */,
				BFE74DD915771EAE0047A83E /* UIColor+SCDColors.m */,
				954237221577398900CE1551 /* NSDate+SCDCategory.h */,
				954237231577398900CE1551 /* NSDate+SCDCategory.m */,
			);
			name = Util;
			sourceTree = "<group>";
		};
		BF21AFC6156942C600B86DAE /* Components */ = {
			isa = PBXGroup;
			children = (
				BF21AFC8156942FD00B86DAE /* Bar.h */,
				BF21AFC9156942FD00B86DAE /* Bar.m */,
				BF16EA7F15725117000F2B2C /* StoolView.h */,
				BF16EA8015725117000F2B2C /* StoolView.m */,
				BF16EA831572512E000F2B2C /* StoolView.xib */,
				BFE74DD5157715880047A83E /* ChallengeSegment.h */,
				BFE74DD6157715880047A83E /* ChallengeSegment.m */,
				9585B3AA1573D5F7006260DC /* ChallengeSegment.xib */,
				BFE74DCF157711F60047A83E /* ChallengeHeader.h */,
				BFE74DD0157711F60047A83E /* ChallengeHeader.m */,
				9585B3B71575DCE7006260DC /* ChallengeHeader.xib */,
				BFE74DD2157712790047A83E /* ChallengeNote.h */,
				BFE74DD3157712790047A83E /* ChallengeNote.m */,
				9585B3AD1573D780006260DC /* ChallengeNote.xib */,
				958371131575EAD600553A73 /* ChallengeNoteBottom.xib */,
				BFAF1A32157638DB008F6211 /* ChallengeCell.h */,
				BFAF1A33157638DB008F6211 /* ChallengeCell.m */,
				BF3C9C031589ABFB00EAA4F3 /* GraphView.h */,
				BF3C9C041589ABFB00EAA4F3 /* GraphView.m */,
				BF88D39C1589E2DF00146507 /* UIButtonDict.h */,
				BF88D39D1589E2DF00146507 /* UIButtonDict.m */,
				954569B0158C7E4900ECFA10 /* BarPercentageView.h */,
				954569B1158C7E4900ECFA10 /* BarPercentageView.m */,
				954569B3158C7EDB00ECFA10 /* BarPercentageView.xib */,
			);
			name = Components;
			sourceTree = "<group>";
		};
		BF21C5361573E07600C5F65D /* Products */ = {
			isa = PBXGroup;
			children = (
				BF21C53F1573E07700C5F65D /* libTapkuLibrary.a */,
				BF21C5411573E07700C5F65D /* LogicTests.octest */,
			);
			name = Products;
			sourceTree = "<group>";
		};
/* End PBXGroup section */

/* Begin PBXNativeTarget section */
		BF21AF891567B66A00B86DAE /* SCDLifeStyle */ = {
			isa = PBXNativeTarget;
			buildConfigurationList = BF21AFA81567B66A00B86DAE /* Build configuration list for PBXNativeTarget "SCDLifeStyle" */;
			buildPhases = (
				BF21AF861567B66A00B86DAE /* Sources */,
				BF21AF871567B66A00B86DAE /* Frameworks */,
				BF21AF881567B66A00B86DAE /* Resources */,
			);
			buildRules = (
			);
			dependencies = (
				BF21C5431573E09B00C5F65D /* PBXTargetDependency */,
			);
			name = SCDLifeStyle;
			productName = SCDLifeStyle;
			productReference = BF21AF8A1567B66A00B86DAE /* SCDLifeStyle.app */;
			productType = "com.apple.product-type.application";
		};
/* End PBXNativeTarget section */

/* Begin PBXProject section */
		BF21AF811567B66A00B86DAE /* Project object */ = {
			isa = PBXProject;
			attributes = {
				LastUpgradeCheck = 0430;
			};
			buildConfigurationList = BF21AF841567B66A00B86DAE /* Build configuration list for PBXProject "SCDLifeStyle" */;
			compatibilityVersion = "Xcode 3.2";
			developmentRegion = English;
			hasScannedForEncodings = 0;
			knownRegions = (
				en,
			);
			mainGroup = BF21AF7F1567B66A00B86DAE;
			productRefGroup = BF21AF8B1567B66A00B86DAE /* Products */;
			projectDirPath = "";
			projectReferences = (
				{
					ProductGroup = BF21C5361573E07600C5F65D /* Products */;
					ProjectRef = BF21C5351573E07600C5F65D /* TapkuLibrary.xcodeproj */;
				},
			);
			projectRoot = "";
			targets = (
				BF21AF891567B66A00B86DAE /* SCDLifeStyle */,
			);
		};
/* End PBXProject section */

/* Begin PBXReferenceProxy section */
		BF21C53F1573E07700C5F65D /* libTapkuLibrary.a */ = {
			isa = PBXReferenceProxy;
			fileType = archive.ar;
			path = libTapkuLibrary.a;
			remoteRef = BF21C53E1573E07700C5F65D /* PBXContainerItemProxy */;
			sourceTree = BUILT_PRODUCTS_DIR;
		};
		BF21C5411573E07700C5F65D /* LogicTests.octest */ = {
			isa = PBXReferenceProxy;
			fileType = wrapper.cfbundle;
			path = LogicTests.octest;
			remoteRef = BF21C5401573E07700C5F65D /* PBXContainerItemProxy */;
			sourceTree = BUILT_PRODUCTS_DIR;
		};
/* End PBXReferenceProxy section */

/* Begin PBXResourcesBuildPhase section */
		BF21AF881567B66A00B86DAE /* Resources */ = {
			isa = PBXResourcesBuildPhase;
			buildActionMask = 2147483647;
			files = (
				BF21AF991567B66A00B86DAE /* InfoPlist.strings in Resources */,
				BF21AFA21567B66A00B86DAE /* MainStoryboard.storyboard in Resources */,
				95B4967F156911420011D457 /* home_bg1.png in Resources */,
				95B49680156911420011D457 /* home_bg1@2x.png in Resources */,
				95B4968D156911CC0011D457 /* home_sleep_bar_top.png in Resources */,
				95B4968E156911CC0011D457 /* home_sleep_bar_top@2x.png in Resources */,
				95B4968F156911CC0011D457 /* home_sleep_bar.png in Resources */,
				95B49690156911CC0011D457 /* home_sleep_bar@2x.png in Resources */,
				95B49691156911CC0011D457 /* home_stool_bar_top.png in Resources */,
				95B49692156911CC0011D457 /* home_stool_bar_top@2x.png in Resources */,
				95B49693156911CC0011D457 /* home_stool_bar.png in Resources */,
				95B49694156911CC0011D457 /* home_stool_bar@2x.png in Resources */,
				95B49695156911CC0011D457 /* home_stress_bar_top.png in Resources */,
				95B49696156911CC0011D457 /* home_stress_bar_top@2x.png in Resources */,
				95B49697156911CC0011D457 /* home_stress_bar.png in Resources */,
				95B49698156911CC0011D457 /* home_stress_bar@2x.png in Resources */,
				95B4969D156912FD0011D457 /* home_activity_bar_top.png in Resources */,
				95B4969E156912FD0011D457 /* home_activity_bar_top@2x.png in Resources */,
				95B4969F156912FD0011D457 /* home_activity_bar.png in Resources */,
				95B496A0156912FD0011D457 /* home_activity_bar@2x.png in Resources */,
				95B496A3156913660011D457 /* home_bg.png in Resources */,
				95B496A4156913660011D457 /* home_bg@2x.png in Resources */,
				95B496AB156914B30011D457 /* active0.png in Resources */,
				95B496AC156914B30011D457 /* active0@2x.png in Resources */,
				95B496AF156916970011D457 /* active0s.png in Resources */,
				95B496B0156916970011D457 /* active0s@2x.png in Resources */,
				95B496B7156917BB0011D457 /* active1.png in Resources */,
				95B496B8156917BB0011D457 /* active1@2x.png in Resources */,
				95B496BB1569182A0011D457 /* active2.png in Resources */,
				95B496BC1569182A0011D457 /* active2@2x.png in Resources */,
				95B496BF156918B30011D457 /* active3.png in Resources */,
				95B496C0156918B30011D457 /* active3@2x.png in Resources */,
				95B496C5156923220011D457 /* nav_button.png in Resources */,
				95B496C6156923220011D457 /* nav_button@2x.png in Resources */,
				95B496C7156923220011D457 /* header.png in Resources */,
				95B496C8156923220011D457 /* header@2x.png in Resources */,
				95B496CB15692E450011D457 /* stressed0.png in Resources */,
				95B496CC15692E450011D457 /* stressed0@2x.png in Resources */,
				95B496D5156936530011D457 /* stressed4.png in Resources */,
				95B496D6156936530011D457 /* stressed4@2x.png in Resources */,
				95B496D7156936530011D457 /* stressed3.png in Resources */,
				95B496D8156936530011D457 /* stressed3@2x.png in Resources */,
				95B496D9156936530011D457 /* stressed2.png in Resources */,
				95B496DA156936530011D457 /* stressed2@2x.png in Resources */,
				95B496DB156936530011D457 /* stressed1.png in Resources */,
				95B496DC156936530011D457 /* stressed1@2x.png in Resources */,
				95B496E21569C8670011D457 /* owl5.png in Resources */,
				95B496E31569C8670011D457 /* owl4.png in Resources */,
				95B496E41569C8670011D457 /* owl3.png in Resources */,
				95B496E51569C8670011D457 /* owl2.png in Resources */,
				95B496E61569C8670011D457 /* owl1.png in Resources */,
				951881C2156A9955001B614B /* add_bg.png in Resources */,
				951881C3156A9955001B614B /* add_bg@2x.png in Resources */,
				951881D2156C7B6B001B614B /* poo1.png in Resources */,
				951881D3156C7B6B001B614B /* poo1@2x.png in Resources */,
				951881D4156C7B6B001B614B /* poo2.png in Resources */,
				951881D5156C7B6B001B614B /* poo2@2x.png in Resources */,
				951881D6156C7B6B001B614B /* poo3.png in Resources */,
				951881D7156C7B6B001B614B /* poo3@2x.png in Resources */,
				951881D8156C7B6B001B614B /* poo4.png in Resources */,
				951881D9156C7B6B001B614B /* poo4@2x.png in Resources */,
				951881DA156C7B6B001B614B /* poo5.png in Resources */,
				951881DB156C7B6B001B614B /* poo5@2x.png in Resources */,
				951881DC156C7B6B001B614B /* poo6.png in Resources */,
				951881DD156C7B6B001B614B /* poo6@2x.png in Resources */,
				951881DE156C7B6B001B614B /* poo7.png in Resources */,
				951881DF156C7B6B001B614B /* poo7@2x.png in Resources */,
				952F473C1572457000C54DDE /* bg_poo.png in Resources */,
				952F473D1572457000C54DDE /* bg_poo@2x.png in Resources */,
				952F4740157245ED00C54DDE /* button_general_delete.png in Resources */,
				952F47471572521F00C54DDE /* challange_cell.png in Resources */,
				952F47481572521F00C54DDE /* challange_cell@2x.png in Resources */,
				952F47491572521F00C54DDE /* challange_bg.png in Resources */,
				952F474A1572521F00C54DDE /* challange_bg@2x.png in Resources */,
				952F474B1572521F00C54DDE /* plus_btn.png in Resources */,
				952F474C1572521F00C54DDE /* plus_btn@2x.png in Resources */,
				952F474F1572705000C54DDE /* challang_bg.png in Resources */,
				952F47501572705000C54DDE /* challang_bg@2x.png in Resources */,
				952F475715728A4100C54DDE /* head.png in Resources */,
				952F475815728A4100C54DDE /* head@2x.png in Resources */,
				BF16EA841572512E000F2B2C /* StoolView.xib in Resources */,
				9585B3AB1573D5F7006260DC /* ChallengeSegment.xib in Resources */,
				9585B3AE1573D780006260DC /* ChallengeNote.xib in Resources */,
				9585B3B11573DC44006260DC /* cell.png in Resources */,
				9585B3B21573DC44006260DC /* cell@2x.png in Resources */,
				9585B3B51575D913006260DC /* cell_chall.png in Resources */,
				9585B3B61575D913006260DC /* cell_chall@2x.png in Resources */,
				9585B3B81575DCE7006260DC /* ChallengeHeader.xib in Resources */,
				BF21C53B1573E07600C5F65D /* TapkuLibrary.bundle in Resources */,
				950775571575E379000D7F0B /* submit_btn.png in Resources */,
				950775581575E379000D7F0B /* submit_btn@2x.png in Resources */,
				958371141575EAD600553A73 /* ChallengeNoteBottom.xib in Resources */,
				958371171575EB3D00553A73 /* cell_bottom_chall.png in Resources */,
				958371181575EB3D00553A73 /* cell_bottom_chall@2x.png in Resources */,
				954236EC1576699100CE1551 /* plus_sel.png in Resources */,
				954236ED1576699100CE1551 /* plus_sel@2x.png in Resources */,
				954236EE1576699100CE1551 /* plus_uns.png in Resources */,
				954236EF1576699100CE1551 /* plus_uns@2x.png in Resources */,
				954236F01576699100CE1551 /* minus_sel.png in Resources */,
				954236F11576699100CE1551 /* minus_sel@2x.png in Resources */,
				954236F21576699100CE1551 /* minus_uns.png in Resources */,
				954236F31576699100CE1551 /* minus_uns@2x.png in Resources */,
				954236F41576699100CE1551 /* blue_btn_pressed.png in Resources */,
				954236F51576699100CE1551 /* blue_btn_pressed@2x.png in Resources */,
				954236F61576699100CE1551 /* blue_btn.png in Resources */,
				954236F71576699100CE1551 /* blue_btn@2x.png in Resources */,
				954236F81576699100CE1551 /* purple_btn_pressed.png in Resources */,
				954236F91576699100CE1551 /* purple_btn_pressed@2x.png in Resources */,
				954236FA1576699100CE1551 /* purple_btn.png in Resources */,
				954236FB1576699100CE1551 /* purple_btn@2x.png in Resources */,
				954236FC1576699100CE1551 /* red_btn_pressed.png in Resources */,
				954236FD1576699100CE1551 /* red_btn_pressed@2x.png in Resources */,
				954236FE1576699100CE1551 /* red_btn.png in Resources */,
				954236FF1576699100CE1551 /* red_btn@2x.png in Resources */,
				954237001576699100CE1551 /* green_btn_pressed.png in Resources */,
				954237011576699100CE1551 /* green_btn_pressed@2x.png in Resources */,
				954237021576699100CE1551 /* green_btn.png in Resources */,
				954237031576699100CE1551 /* green_btn@2x.png in Resources */,
				9542370E157714F000CE1551 /* graph_bg.png in Resources */,
				9542370F157714F000CE1551 /* graph_bg@2x.png in Resources */,
				9542371E15772A3D00CE1551 /* graph_event.png in Resources */,
				9542371F15772A3D00CE1551 /* graph_event@2x.png in Resources */,
				9542372015772A3D00CE1551 /* graph_stool.png in Resources */,
				9542372115772A3D00CE1551 /* graph_stool@2x.png in Resources */,
				BF25CFA315787E5500BB01D6 /* Icon@2.png in Resources */,
				BF25CFA515787E5800BB01D6 /* Icon.png in Resources */,
				954569A61589FEFF00ECFA10 /* quitbtn.png in Resources */,
				954569A71589FEFF00ECFA10 /* quitbtn@2x.png in Resources */,
				954569AC158A0AFC00ECFA10 /* next_btn.png in Resources */,
				954569AD158A0AFC00ECFA10 /* next_btn@2x.png in Resources */,
				954569AE158A0AFC00ECFA10 /* previous_btn.png in Resources */,
				954569AF158A0AFC00ECFA10 /* previous_btn@2x.png in Resources */,
				954569B4158C7EDB00ECFA10 /* BarPercentageView.xib in Resources */,
				9592465D15958EE400CE464A /* time-cell.png in Resources */,
				9592465E15958EE400CE464A /* time-cell@2x.png in Resources */,
			);
			runOnlyForDeploymentPostprocessing = 0;
		};
/* End PBXResourcesBuildPhase section */

/* Begin PBXSourcesBuildPhase section */
		BF21AF861567B66A00B86DAE /* Sources */ = {
			isa = PBXSourcesBuildPhase;
			buildActionMask = 2147483647;
			files = (
				BF21AF9B1567B66A00B86DAE /* main.m in Sources */,
				BF21AF9F1567B66A00B86DAE /* AppDelegate.m in Sources */,
				BF21AFA51567B66A00B86DAE /* MainViewController.m in Sources */,
				BF21AFAF1567BC0400B86DAE /* DataModel.xcdatamodeld in Sources */,
				BF21AFBA1567C6AD00B86DAE /* BaseViewController.m in Sources */,
				BF21AFBD1567C6F100B86DAE /* AddDayViewController.m in Sources */,
				BF21AFC11567D1E600B86DAE /* Util.m in Sources */,
				95B4967A15690DD00011D457 /* ChallengesViewController.m in Sources */,
				BF21AFCA156942FD00B86DAE /* Bar.m in Sources */,
				BF16EA8115725117000F2B2C /* StoolView.m in Sources */,
				BF21C4941573D2F700C5F65D /* TrackViewController.m in Sources */,
				BFAF1A1D15760E9A008F6211 /* Day.m in Sources */,
				BFAF1A2015760E9B008F6211 /* Stool.m in Sources */,
				BFAF1A2615760E9B008F6211 /* Note.m in Sources */,
				BFAF1A29157618BA008F6211 /* AddChallengeViewController.m in Sources */,
				BFAF1A34157638DB008F6211 /* ChallengeCell.m in Sources */,
				BF009CBA1576676F003700FB /* GraphTabViewController.m in Sources */,
				BF009CBD15766797003700FB /* GraphViewController.m in Sources */,
				BFE74DCE1577107B0047A83E /* ChallengeDetailViewController.m in Sources */,
				BFE74DD1157711F60047A83E /* ChallengeHeader.m in Sources */,
				BFE74DD4157712790047A83E /* ChallengeNote.m in Sources */,
				BFE74DD7157715880047A83E /* ChallengeSegment.m in Sources */,
				BFE74DDA15771EAE0047A83E /* UIColor+SCDColors.m in Sources */,
				954237241577398900CE1551 /* NSDate+SCDCategory.m in Sources */,
				BF3C9C051589ABFB00EAA4F3 /* GraphView.m in Sources */,
				BF88D39E1589E2DF00146507 /* UIButtonDict.m in Sources */,
				954569B2158C7E4900ECFA10 /* BarPercentageView.m in Sources */,
				BFF8C6DE158DB50900BF8DDB /* Challenge.m in Sources */,
			);
			runOnlyForDeploymentPostprocessing = 0;
		};
/* End PBXSourcesBuildPhase section */

/* Begin PBXTargetDependency section */
		BF21C5431573E09B00C5F65D /* PBXTargetDependency */ = {
			isa = PBXTargetDependency;
			name = TapkuLibrary;
			targetProxy = BF21C5421573E09B00C5F65D /* PBXContainerItemProxy */;
		};
/* End PBXTargetDependency section */

/* Begin PBXVariantGroup section */
		BF21AF971567B66A00B86DAE /* InfoPlist.strings */ = {
			isa = PBXVariantGroup;
			children = (
				BF21AF981567B66A00B86DAE /* en */,
			);
			name = InfoPlist.strings;
			sourceTree = "<group>";
		};
		BF21AFA01567B66A00B86DAE /* MainStoryboard.storyboard */ = {
			isa = PBXVariantGroup;
			children = (
				BF21AFA11567B66A00B86DAE /* en */,
			);
			name = MainStoryboard.storyboard;
			sourceTree = "<group>";
		};
/* End PBXVariantGroup section */

/* Begin XCBuildConfiguration section */
		BF21AFA61567B66A00B86DAE /* Debug */ = {
			isa = XCBuildConfiguration;
			buildSettings = {
				ALWAYS_SEARCH_USER_PATHS = NO;
				ARCHS = "$(ARCHS_STANDARD_32_BIT)";
				CLANG_ENABLE_OBJC_ARC = YES;
				"CODE_SIGN_IDENTITY[sdk=iphoneos*]" = "iPhone Developer";
				COPY_PHASE_STRIP = NO;
				GCC_C_LANGUAGE_STANDARD = gnu99;
				GCC_DYNAMIC_NO_PIC = NO;
				GCC_OPTIMIZATION_LEVEL = 0;
				GCC_PREPROCESSOR_DEFINITIONS = (
					"DEBUG=1",
					"$(inherited)",
				);
				GCC_SYMBOLS_PRIVATE_EXTERN = NO;
				GCC_VERSION = com.apple.compilers.llvm.clang.1_0;
				GCC_WARN_ABOUT_RETURN_TYPE = YES;
				GCC_WARN_UNINITIALIZED_AUTOS = YES;
				GCC_WARN_UNUSED_VARIABLE = YES;
				IPHONEOS_DEPLOYMENT_TARGET = 5.1;
				SDKROOT = iphoneos;
			};
			name = Debug;
		};
		BF21AFA71567B66A00B86DAE /* Release */ = {
			isa = XCBuildConfiguration;
			buildSettings = {
				ALWAYS_SEARCH_USER_PATHS = NO;
				ARCHS = "$(ARCHS_STANDARD_32_BIT)";
				CLANG_ENABLE_OBJC_ARC = YES;
				"CODE_SIGN_IDENTITY[sdk=iphoneos*]" = "iPhone Developer";
				COPY_PHASE_STRIP = YES;
				GCC_C_LANGUAGE_STANDARD = gnu99;
				GCC_VERSION = com.apple.compilers.llvm.clang.1_0;
				GCC_WARN_ABOUT_RETURN_TYPE = YES;
				GCC_WARN_UNINITIALIZED_AUTOS = YES;
				GCC_WARN_UNUSED_VARIABLE = YES;
				IPHONEOS_DEPLOYMENT_TARGET = 5.1;
				OTHER_CFLAGS = "-DNS_BLOCK_ASSERTIONS=1";
				SDKROOT = iphoneos;
				VALIDATE_PRODUCT = YES;
			};
			name = Release;
		};
		BF21AFA91567B66A00B86DAE /* Debug */ = {
			isa = XCBuildConfiguration;
			buildSettings = {
				FRAMEWORK_SEARCH_PATHS = (
					"$(inherited)",
					"\"$(SRCROOT)\"",
				);
				GCC_PRECOMPILE_PREFIX_HEADER = YES;
				GCC_PREFIX_HEADER = "SCDLifeStyle/SCDLifeStyle-Prefix.pch";
				HEADER_SEARCH_PATHS = TapkuLibrary/src;
				INFOPLIST_FILE = "SCDLifeStyle/SCDLifeStyle-Info.plist";
				IPHONEOS_DEPLOYMENT_TARGET = 5.0;
				LIBRARY_SEARCH_PATHS = (
					"$(inherited)",
					"\"$(SRCROOT)/SCDLifeStyle\"",
					"\"$(SRCROOT)\"",
					"\"$(SRCROOT)/TapkuLibrary/src\"",
				);
				OTHER_LDFLAGS = (
					"-ObjC",
					"-all_load",
				);
				PRODUCT_NAME = "$(TARGET_NAME)";
				WRAPPER_EXTENSION = app;
			};
			name = Debug;
		};
		BF21AFAA1567B66A00B86DAE /* Release */ = {
			isa = XCBuildConfiguration;
			buildSettings = {
				FRAMEWORK_SEARCH_PATHS = (
					"$(inherited)",
					"\"$(SRCROOT)\"",
				);
				GCC_PRECOMPILE_PREFIX_HEADER = YES;
				GCC_PREFIX_HEADER = "SCDLifeStyle/SCDLifeStyle-Prefix.pch";
				HEADER_SEARCH_PATHS = TapkuLibrary/src;
				INFOPLIST_FILE = "SCDLifeStyle/SCDLifeStyle-Info.plist";
				IPHONEOS_DEPLOYMENT_TARGET = 5.0;
				LIBRARY_SEARCH_PATHS = (
					"$(inherited)",
					"\"$(SRCROOT)/SCDLifeStyle\"",
					"\"$(SRCROOT)\"",
					"\"$(SRCROOT)/TapkuLibrary/src\"",
				);
				OTHER_LDFLAGS = (
					"-ObjC",
					"-all_load",
				);
				PRODUCT_NAME = "$(TARGET_NAME)";
				WRAPPER_EXTENSION = app;
			};
			name = Release;
		};
/* End XCBuildConfiguration section */

/* Begin XCConfigurationList section */
		BF21AF841567B66A00B86DAE /* Build configuration list for PBXProject "SCDLifeStyle" */ = {
			isa = XCConfigurationList;
			buildConfigurations = (
				BF21AFA61567B66A00B86DAE /* Debug */,
				BF21AFA71567B66A00B86DAE /* Release */,
			);
			defaultConfigurationIsVisible = 0;
			defaultConfigurationName = Release;
		};
		BF21AFA81567B66A00B86DAE /* Build configuration list for PBXNativeTarget "SCDLifeStyle" */ = {
			isa = XCConfigurationList;
			buildConfigurations = (
				BF21AFA91567B66A00B86DAE /* Debug */,
				BF21AFAA1567B66A00B86DAE /* Release */,
			);
			defaultConfigurationIsVisible = 0;
			defaultConfigurationName = Release;
		};
/* End XCConfigurationList section */

/* Begin XCVersionGroup section */
		BF21AFAD1567BC0400B86DAE /* DataModel.xcdatamodeld */ = {
			isa = XCVersionGroup;
			children = (
				BF21AFAE1567BC0400B86DAE /* DataModel.xcdatamodel */,
			);
			currentVersion = BF21AFAE1567BC0400B86DAE /* DataModel.xcdatamodel */;
			path = DataModel.xcdatamodeld;
			sourceTree = "<group>";
			versionGroupType = wrapper.xcdatamodel;
		};
/* End XCVersionGroup section */
	};
	rootObject = BF21AF811567B66A00B86DAE /* Project object */;
}
