// !$*UTF8*$!
{
	archiveVersion = 1;
	classes = {
	};
	objectVersion = 46;
	objects = {

/* Begin PBXBuildFile section */
		951881C2156A9955001B614B /* add_bg.png in Resources */ = {isa = PBXBuildFile; fileRef = 951881C0156A9955001B614B /* add_bg.png */; };
		951881C3156A9955001B614B /* add_bg@2x.png in Resources */ = {isa = PBXBuildFile; fileRef = 951881C1156A9955001B614B /* add_bg@2x.png */; };
		951881D2156C7B6B001B614B /* poo1.png in Resources */ = {isa = PBXBuildFile; fileRef = 951881C4156C7B6B001B614B /* poo1.png */; };
		951881D3156C7B6B001B614B /* poo1@2x.png in Resources */ = {isa = PBXBuildFile; fileRef = 951881C5156C7B6B001B614B /* poo1@2x.png */; };
		951881D4156C7B6B001B614B /* poo2.png in Resources */ = {isa = PBXBuildFile; fileRef = 951881C6156C7B6B001B614B /* poo2.png */; };
		951881D5156C7B6B001B614B /* poo2@2x.png in Resources */ = {isa = PBXBuildFile; fileRef = 951881C7156C7B6B001B614B /* poo2@2x.png */; };
		951881D6156C7B6B001B614B /* poo3.png in Resources */ = {isa = PBXBuildFile; fileRef = 951881C8156C7B6B001B614B /* poo3.png */; };
		951881D7156C7B6B001B614B /* poo3@2x.png in Resources */ = {isa = PBXBuildFile; fileRef = 951881C9156C7B6B001B614B /* poo3@2x.png */; };
		951881D8156C7B6B001B614B /* poo4.png in Resources */ = {isa = PBXBuildFile; fileRef = 951881CA156C7B6B001B614B /* poo4.png */; };
		951881D9156C7B6B001B614B /* poo4@2x.png in Resources */ = {isa = PBXBuildFile; fileRef = 951881CB156C7B6B001B614B /* poo4@2x.png */; };
		951881DA156C7B6B001B614B /* poo5.png in Resources */ = {isa = PBXBuildFile; fileRef = 951881CC156C7B6B001B614B /* poo5.png */; };
		951881DB156C7B6B001B614B /* poo5@2x.png in Resources */ = {isa = PBXBuildFile; fileRef = 951881CD156C7B6B001B614B /* poo5@2x.png */; };
		951881DC156C7B6B001B614B /* poo6.png in Resources */ = {isa = PBXBuildFile; fileRef = 951881CE156C7B6B001B614B /* poo6.png */; };
		951881DD156C7B6B001B614B /* poo6@2x.png in Resources */ = {isa = PBXBuildFile; fileRef = 951881CF156C7B6B001B614B /* poo6@2x.png */; };
		951881DE156C7B6B001B614B /* poo7.png in Resources */ = {isa = PBXBuildFile; fileRef = 951881D0156C7B6B001B614B /* poo7.png */; };
		951881DF156C7B6B001B614B /* poo7@2x.png in Resources */ = {isa = PBXBuildFile; fileRef = 951881D1156C7B6B001B614B /* poo7@2x.png */; };
		95B4967A15690DD00011D457 /* ChallengesViewController.m in Sources */ = {isa = PBXBuildFile; fileRef = 95B4967915690DD00011D457 /* ChallengesViewController.m */; };
		95B4967F156911420011D457 /* home_bg1.png in Resources */ = {isa = PBXBuildFile; fileRef = 95B4967D156911420011D457 /* home_bg1.png */; };
		95B49680156911420011D457 /* home_bg1@2x.png in Resources */ = {isa = PBXBuildFile; fileRef = 95B4967E156911420011D457 /* home_bg1@2x.png */; };
		95B4968D156911CC0011D457 /* home_sleep_bar_top.png in Resources */ = {isa = PBXBuildFile; fileRef = 95B49681156911CB0011D457 /* home_sleep_bar_top.png */; };
		95B4968E156911CC0011D457 /* home_sleep_bar_top@2x.png in Resources */ = {isa = PBXBuildFile; fileRef = 95B49682156911CB0011D457 /* home_sleep_bar_top@2x.png */; };
		95B4968F156911CC0011D457 /* home_sleep_bar.png in Resources */ = {isa = PBXBuildFile; fileRef = 95B49683156911CB0011D457 /* home_sleep_bar.png */; };
		95B49690156911CC0011D457 /* home_sleep_bar@2x.png in Resources */ = {isa = PBXBuildFile; fileRef = 95B49684156911CB0011D457 /* home_sleep_bar@2x.png */; };
		95B49691156911CC0011D457 /* home_stool_bar_top.png in Resources */ = {isa = PBXBuildFile; fileRef = 95B49685156911CB0011D457 /* home_stool_bar_top.png */; };
		95B49692156911CC0011D457 /* home_stool_bar_top@2x.png in Resources */ = {isa = PBXBuildFile; fileRef = 95B49686156911CB0011D457 /* home_stool_bar_top@2x.png */; };
		95B49693156911CC0011D457 /* home_stool_bar.png in Resources */ = {isa = PBXBuildFile; fileRef = 95B49687156911CB0011D457 /* home_stool_bar.png */; };
		95B49694156911CC0011D457 /* home_stool_bar@2x.png in Resources */ = {isa = PBXBuildFile; fileRef = 95B49688156911CB0011D457 /* home_stool_bar@2x.png */; };
		95B49695156911CC0011D457 /* home_stress_bar_top.png in Resources */ = {isa = PBXBuildFile; fileRef = 95B49689156911CC0011D457 /* home_stress_bar_top.png */; };
		95B49696156911CC0011D457 /* home_stress_bar_top@2x.png in Resources */ = {isa = PBXBuildFile; fileRef = 95B4968A156911CC0011D457 /* home_stress_bar_top@2x.png */; };
		95B49697156911CC0011D457 /* home_stress_bar.png in Resources */ = {isa = PBXBuildFile; fileRef = 95B4968B156911CC0011D457 /* home_stress_bar.png */; };
		95B49698156911CC0011D457 /* home_stress_bar@2x.png in Resources */ = {isa = PBXBuildFile; fileRef = 95B4968C156911CC0011D457 /* home_stress_bar@2x.png */; };
		95B4969D156912FD0011D457 /* home_activity_bar_top.png in Resources */ = {isa = PBXBuildFile; fileRef = 95B49699156912FD0011D457 /* home_activity_bar_top.png */; };
		95B4969E156912FD0011D457 /* home_activity_bar_top@2x.png in Resources */ = {isa = PBXBuildFile; fileRef = 95B4969A156912FD0011D457 /* home_activity_bar_top@2x.png */; };
		95B4969F156912FD0011D457 /* home_activity_bar.png in Resources */ = {isa = PBXBuildFile; fileRef = 95B4969B156912FD0011D457 /* home_activity_bar.png */; };
		95B496A0156912FD0011D457 /* home_activity_bar@2x.png in Resources */ = {isa = PBXBuildFile; fileRef = 95B4969C156912FD0011D457 /* home_activity_bar@2x.png */; };
		95B496A3156913660011D457 /* home_bg.png in Resources */ = {isa = PBXBuildFile; fileRef = 95B496A1156913660011D457 /* home_bg.png */; };
		95B496A4156913660011D457 /* home_bg@2x.png in Resources */ = {isa = PBXBuildFile; fileRef = 95B496A2156913660011D457 /* home_bg@2x.png */; };
		95B496AB156914B30011D457 /* active0.png in Resources */ = {isa = PBXBuildFile; fileRef = 95B496A9156914B30011D457 /* active0.png */; };
		95B496AC156914B30011D457 /* active0@2x.png in Resources */ = {isa = PBXBuildFile; fileRef = 95B496AA156914B30011D457 /* active0@2x.png */; };
		95B496AF156916970011D457 /* active0s.png in Resources */ = {isa = PBXBuildFile; fileRef = 95B496AD156916970011D457 /* active0s.png */; };
		95B496B0156916970011D457 /* active0s@2x.png in Resources */ = {isa = PBXBuildFile; fileRef = 95B496AE156916970011D457 /* active0s@2x.png */; };
		95B496B7156917BB0011D457 /* active1.png in Resources */ = {isa = PBXBuildFile; fileRef = 95B496B5156917BB0011D457 /* active1.png */; };
		95B496B8156917BB0011D457 /* active1@2x.png in Resources */ = {isa = PBXBuildFile; fileRef = 95B496B6156917BB0011D457 /* active1@2x.png */; };
		95B496BB1569182A0011D457 /* active2.png in Resources */ = {isa = PBXBuildFile; fileRef = 95B496B91569182A0011D457 /* active2.png */; };
		95B496BC1569182A0011D457 /* active2@2x.png in Resources */ = {isa = PBXBuildFile; fileRef = 95B496BA1569182A0011D457 /* active2@2x.png */; };
		95B496BF156918B30011D457 /* active3.png in Resources */ = {isa = PBXBuildFile; fileRef = 95B496BD156918B30011D457 /* active3.png */; };
		95B496C0156918B30011D457 /* active3@2x.png in Resources */ = {isa = PBXBuildFile; fileRef = 95B496BE156918B30011D457 /* active3@2x.png */; };
		95B496C5156923220011D457 /* nav_button.png in Resources */ = {isa = PBXBuildFile; fileRef = 95B496C1156923220011D457 /* nav_button.png */; };
		95B496C6156923220011D457 /* nav_button@2x.png in Resources */ = {isa = PBXBuildFile; fileRef = 95B496C2156923220011D457 /* nav_button@2x.png */; };
		95B496C7156923220011D457 /* header.png in Resources */ = {isa = PBXBuildFile; fileRef = 95B496C3156923220011D457 /* header.png */; };
		95B496C8156923220011D457 /* header@2x.png in Resources */ = {isa = PBXBuildFile; fileRef = 95B496C4156923220011D457 /* header@2x.png */; };
		95B496CB15692E450011D457 /* stressed0.png in Resources */ = {isa = PBXBuildFile; fileRef = 95B496C915692E450011D457 /* stressed0.png */; };
		95B496CC15692E450011D457 /* stressed0@2x.png in Resources */ = {isa = PBXBuildFile; fileRef = 95B496CA15692E450011D457 /* stressed0@2x.png */; };
		95B496D5156936530011D457 /* stressed4.png in Resources */ = {isa = PBXBuildFile; fileRef = 95B496CD156936530011D457 /* stressed4.png */; };
		95B496D6156936530011D457 /* stressed4@2x.png in Resources */ = {isa = PBXBuildFile; fileRef = 95B496CE156936530011D457 /* stressed4@2x.png */; };
		95B496D7156936530011D457 /* stressed3.png in Resources */ = {isa = PBXBuildFile; fileRef = 95B496CF156936530011D457 /* stressed3.png */; };
		95B496D8156936530011D457 /* stressed3@2x.png in Resources */ = {isa = PBXBuildFile; fileRef = 95B496D0156936530011D457 /* stressed3@2x.png */; };
		95B496D9156936530011D457 /* stressed2.png in Resources */ = {isa = PBXBuildFile; fileRef = 95B496D1156936530011D457 /* stressed2.png */; };
		95B496DA156936530011D457 /* stressed2@2x.png in Resources */ = {isa = PBXBuildFile; fileRef = 95B496D2156936530011D457 /* stressed2@2x.png */; };
		95B496DB156936530011D457 /* stressed1.png in Resources */ = {isa = PBXBuildFile; fileRef = 95B496D3156936530011D457 /* stressed1.png */; };
		95B496DC156936530011D457 /* stressed1@2x.png in Resources */ = {isa = PBXBuildFile; fileRef = 95B496D4156936530011D457 /* stressed1@2x.png */; };
		95B496E21569C8670011D457 /* owl5.png in Resources */ = {isa = PBXBuildFile; fileRef = 95B496DD1569C8670011D457 /* owl5.png */; };
		95B496E31569C8670011D457 /* owl4.png in Resources */ = {isa = PBXBuildFile; fileRef = 95B496DE1569C8670011D457 /* owl4.png */; };
		95B496E41569C8670011D457 /* owl3.png in Resources */ = {isa = PBXBuildFile; fileRef = 95B496DF1569C8670011D457 /* owl3.png */; };
		95B496E51569C8670011D457 /* owl2.png in Resources */ = {isa = PBXBuildFile; fileRef = 95B496E01569C8670011D457 /* owl2.png */; };
		95B496E61569C8670011D457 /* owl1.png in Resources */ = {isa = PBXBuildFile; fileRef = 95B496E11569C8670011D457 /* owl1.png */; };
		BF21AF8F1567B66A00B86DAE /* UIKit.framework in Frameworks */ = {isa = PBXBuildFile; fileRef = BF21AF8E1567B66A00B86DAE /* UIKit.framework */; };
		BF21AF911567B66A00B86DAE /* Foundation.framework in Frameworks */ = {isa = PBXBuildFile; fileRef = BF21AF901567B66A00B86DAE /* Foundation.framework */; };
		BF21AF931567B66A00B86DAE /* CoreGraphics.framework in Frameworks */ = {isa = PBXBuildFile; fileRef = BF21AF921567B66A00B86DAE /* CoreGraphics.framework */; };
		BF21AF991567B66A00B86DAE /* InfoPlist.strings in Resources */ = {isa = PBXBuildFile; fileRef = BF21AF971567B66A00B86DAE /* InfoPlist.strings */; };
		BF21AF9B1567B66A00B86DAE /* main.m in Sources */ = {isa = PBXBuildFile; fileRef = BF21AF9A1567B66A00B86DAE /* main.m */; };
		BF21AF9F1567B66A00B86DAE /* AppDelegate.m in Sources */ = {isa = PBXBuildFile; fileRef = BF21AF9E1567B66A00B86DAE /* AppDelegate.m */; };
		BF21AFA21567B66A00B86DAE /* MainStoryboard.storyboard in Resources */ = {isa = PBXBuildFile; fileRef = BF21AFA01567B66A00B86DAE /* MainStoryboard.storyboard */; };
		BF21AFA51567B66A00B86DAE /* MainViewController.m in Sources */ = {isa = PBXBuildFile; fileRef = BF21AFA41567B66A00B86DAE /* MainViewController.m */; };
		BF21AFAF1567BC0400B86DAE /* DataModel.xcdatamodeld in Sources */ = {isa = PBXBuildFile; fileRef = BF21AFAD1567BC0400B86DAE /* DataModel.xcdatamodeld */; };
		BF21AFB21567BFA600B86DAE /* Stool.m in Sources */ = {isa = PBXBuildFile; fileRef = BF21AFB11567BFA600B86DAE /* Stool.m */; };
		BF21AFB51567BFCA00B86DAE /* Day.m in Sources */ = {isa = PBXBuildFile; fileRef = BF21AFB41567BFCA00B86DAE /* Day.m */; };
		BF21AFB71567C0DF00B86DAE /* CoreData.framework in Frameworks */ = {isa = PBXBuildFile; fileRef = BF21AFB61567C0DF00B86DAE /* CoreData.framework */; };
		BF21AFBA1567C6AD00B86DAE /* BaseViewController.m in Sources */ = {isa = PBXBuildFile; fileRef = BF21AFB91567C6AD00B86DAE /* BaseViewController.m */; };
		BF21AFBD1567C6F100B86DAE /* AddDayViewController.m in Sources */ = {isa = PBXBuildFile; fileRef = BF21AFBC1567C6F100B86DAE /* AddDayViewController.m */; };
		BF21AFC11567D1E600B86DAE /* Util.m in Sources */ = {isa = PBXBuildFile; fileRef = BF21AFC01567D1E600B86DAE /* Util.m */; };
		BF21AFCA156942FD00B86DAE /* Bar.m in Sources */ = {isa = PBXBuildFile; fileRef = BF21AFC9156942FD00B86DAE /* Bar.m */; };
/* End PBXBuildFile section */

/* Begin PBXFileReference section */
		951881C0156A9955001B614B /* add_bg.png */ = {isa = PBXFileReference; lastKnownFileType = image.png; path = add_bg.png; sourceTree = "<group>"; };
		951881C1156A9955001B614B /* add_bg@2x.png */ = {isa = PBXFileReference; lastKnownFileType = image.png; path = "add_bg@2x.png"; sourceTree = "<group>"; };
		951881C4156C7B6B001B614B /* poo1.png */ = {isa = PBXFileReference; lastKnownFileType = image.png; path = poo1.png; sourceTree = "<group>"; };
		951881C5156C7B6B001B614B /* poo1@2x.png */ = {isa = PBXFileReference; lastKnownFileType = image.png; path = "poo1@2x.png"; sourceTree = "<group>"; };
		951881C6156C7B6B001B614B /* poo2.png */ = {isa = PBXFileReference; lastKnownFileType = image.png; path = poo2.png; sourceTree = "<group>"; };
		951881C7156C7B6B001B614B /* poo2@2x.png */ = {isa = PBXFileReference; lastKnownFileType = image.png; path = "poo2@2x.png"; sourceTree = "<group>"; };
		951881C8156C7B6B001B614B /* poo3.png */ = {isa = PBXFileReference; lastKnownFileType = image.png; path = poo3.png; sourceTree = "<group>"; };
		951881C9156C7B6B001B614B /* poo3@2x.png */ = {isa = PBXFileReference; lastKnownFileType = image.png; path = "poo3@2x.png"; sourceTree = "<group>"; };
		951881CA156C7B6B001B614B /* poo4.png */ = {isa = PBXFileReference; lastKnownFileType = image.png; path = poo4.png; sourceTree = "<group>"; };
		951881CB156C7B6B001B614B /* poo4@2x.png */ = {isa = PBXFileReference; lastKnownFileType = image.png; path = "poo4@2x.png"; sourceTree = "<group>"; };
		951881CC156C7B6B001B614B /* poo5.png */ = {isa = PBXFileReference; lastKnownFileType = image.png; path = poo5.png; sourceTree = "<group>"; };
		951881CD156C7B6B001B614B /* poo5@2x.png */ = {isa = PBXFileReference; lastKnownFileType = image.png; path = "poo5@2x.png"; sourceTree = "<group>"; };
		951881CE156C7B6B001B614B /* poo6.png */ = {isa = PBXFileReference; lastKnownFileType = image.png; path = poo6.png; sourceTree = "<group>"; };
		951881CF156C7B6B001B614B /* poo6@2x.png */ = {isa = PBXFileReference; lastKnownFileType = image.png; path = "poo6@2x.png"; sourceTree = "<group>"; };
		951881D0156C7B6B001B614B /* poo7.png */ = {isa = PBXFileReference; lastKnownFileType = image.png; path = poo7.png; sourceTree = "<group>"; };
		951881D1156C7B6B001B614B /* poo7@2x.png */ = {isa = PBXFileReference; lastKnownFileType = image.png; path = "poo7@2x.png"; sourceTree = "<group>"; };
		95B4967815690DD00011D457 /* ChallengesViewController.h */ = {isa = PBXFileReference; fileEncoding = 4; lastKnownFileType = sourcecode.c.h; path = ChallengesViewController.h; sourceTree = "<group>"; };
		95B4967915690DD00011D457 /* ChallengesViewController.m */ = {isa = PBXFileReference; fileEncoding = 4; lastKnownFileType = sourcecode.c.objc; path = ChallengesViewController.m; sourceTree = "<group>"; };
		95B4967D156911420011D457 /* home_bg1.png */ = {isa = PBXFileReference; lastKnownFileType = image.png; path = home_bg1.png; sourceTree = "<group>"; };
		95B4967E156911420011D457 /* home_bg1@2x.png */ = {isa = PBXFileReference; lastKnownFileType = image.png; path = "home_bg1@2x.png"; sourceTree = "<group>"; };
		95B49681156911CB0011D457 /* home_sleep_bar_top.png */ = {isa = PBXFileReference; lastKnownFileType = image.png; path = home_sleep_bar_top.png; sourceTree = "<group>"; };
		95B49682156911CB0011D457 /* home_sleep_bar_top@2x.png */ = {isa = PBXFileReference; lastKnownFileType = image.png; path = "home_sleep_bar_top@2x.png"; sourceTree = "<group>"; };
		95B49683156911CB0011D457 /* home_sleep_bar.png */ = {isa = PBXFileReference; lastKnownFileType = image.png; path = home_sleep_bar.png; sourceTree = "<group>"; };
		95B49684156911CB0011D457 /* home_sleep_bar@2x.png */ = {isa = PBXFileReference; lastKnownFileType = image.png; path = "home_sleep_bar@2x.png"; sourceTree = "<group>"; };
		95B49685156911CB0011D457 /* home_stool_bar_top.png */ = {isa = PBXFileReference; lastKnownFileType = image.png; path = home_stool_bar_top.png; sourceTree = "<group>"; };
		95B49686156911CB0011D457 /* home_stool_bar_top@2x.png */ = {isa = PBXFileReference; lastKnownFileType = image.png; path = "home_stool_bar_top@2x.png"; sourceTree = "<group>"; };
		95B49687156911CB0011D457 /* home_stool_bar.png */ = {isa = PBXFileReference; lastKnownFileType = image.png; path = home_stool_bar.png; sourceTree = "<group>"; };
		95B49688156911CB0011D457 /* home_stool_bar@2x.png */ = {isa = PBXFileReference; lastKnownFileType = image.png; path = "home_stool_bar@2x.png"; sourceTree = "<group>"; };
		95B49689156911CC0011D457 /* home_stress_bar_top.png */ = {isa = PBXFileReference; lastKnownFileType = image.png; path = home_stress_bar_top.png; sourceTree = "<group>"; };
		95B4968A156911CC0011D457 /* home_stress_bar_top@2x.png */ = {isa = PBXFileReference; lastKnownFileType = image.png; path = "home_stress_bar_top@2x.png"; sourceTree = "<group>"; };
		95B4968B156911CC0011D457 /* home_stress_bar.png */ = {isa = PBXFileReference; lastKnownFileType = image.png; path = home_stress_bar.png; sourceTree = "<group>"; };
		95B4968C156911CC0011D457 /* home_stress_bar@2x.png */ = {isa = PBXFileReference; lastKnownFileType = image.png; path = "home_stress_bar@2x.png"; sourceTree = "<group>"; };
		95B49699156912FD0011D457 /* home_activity_bar_top.png */ = {isa = PBXFileReference; lastKnownFileType = image.png; path = home_activity_bar_top.png; sourceTree = "<group>"; };
		95B4969A156912FD0011D457 /* home_activity_bar_top@2x.png */ = {isa = PBXFileReference; lastKnownFileType = image.png; path = "home_activity_bar_top@2x.png"; sourceTree = "<group>"; };
		95B4969B156912FD0011D457 /* home_activity_bar.png */ = {isa = PBXFileReference; lastKnownFileType = image.png; path = home_activity_bar.png; sourceTree = "<group>"; };
		95B4969C156912FD0011D457 /* home_activity_bar@2x.png */ = {isa = PBXFileReference; lastKnownFileType = image.png; path = "home_activity_bar@2x.png"; sourceTree = "<group>"; };
		95B496A1156913660011D457 /* home_bg.png */ = {isa = PBXFileReference; lastKnownFileType = image.png; path = home_bg.png; sourceTree = "<group>"; };
		95B496A2156913660011D457 /* home_bg@2x.png */ = {isa = PBXFileReference; lastKnownFileType = image.png; path = "home_bg@2x.png"; sourceTree = "<group>"; };
		95B496A9156914B30011D457 /* active0.png */ = {isa = PBXFileReference; lastKnownFileType = image.png; path = active0.png; sourceTree = "<group>"; };
		95B496AA156914B30011D457 /* active0@2x.png */ = {isa = PBXFileReference; lastKnownFileType = image.png; path = "active0@2x.png"; sourceTree = "<group>"; };
		95B496AD156916970011D457 /* active0s.png */ = {isa = PBXFileReference; lastKnownFileType = image.png; path = active0s.png; sourceTree = "<group>"; };
		95B496AE156916970011D457 /* active0s@2x.png */ = {isa = PBXFileReference; lastKnownFileType = image.png; path = "active0s@2x.png"; sourceTree = "<group>"; };
		95B496B5156917BB0011D457 /* active1.png */ = {isa = PBXFileReference; lastKnownFileType = image.png; path = active1.png; sourceTree = "<group>"; };
		95B496B6156917BB0011D457 /* active1@2x.png */ = {isa = PBXFileReference; lastKnownFileType = image.png; path = "active1@2x.png"; sourceTree = "<group>"; };
		95B496B91569182A0011D457 /* active2.png */ = {isa = PBXFileReference; lastKnownFileType = image.png; path = active2.png; sourceTree = "<group>"; };
		95B496BA1569182A0011D457 /* active2@2x.png */ = {isa = PBXFileReference; lastKnownFileType = image.png; path = "active2@2x.png"; sourceTree = "<group>"; };
		95B496BD156918B30011D457 /* active3.png */ = {isa = PBXFileReference; lastKnownFileType = image.png; path = active3.png; sourceTree = "<group>"; };
		95B496BE156918B30011D457 /* active3@2x.png */ = {isa = PBXFileReference; lastKnownFileType = image.png; path = "active3@2x.png"; sourceTree = "<group>"; };
		95B496C1156923220011D457 /* nav_button.png */ = {isa = PBXFileReference; lastKnownFileType = image.png; path = nav_button.png; sourceTree = "<group>"; };
		95B496C2156923220011D457 /* nav_button@2x.png */ = {isa = PBXFileReference; lastKnownFileType = image.png; path = "nav_button@2x.png"; sourceTree = "<group>"; };
		95B496C3156923220011D457 /* header.png */ = {isa = PBXFileReference; lastKnownFileType = image.png; path = header.png; sourceTree = "<group>"; };
		95B496C4156923220011D457 /* header@2x.png */ = {isa = PBXFileReference; lastKnownFileType = image.png; path = "header@2x.png"; sourceTree = "<group>"; };
		95B496C915692E450011D457 /* stressed0.png */ = {isa = PBXFileReference; lastKnownFileType = image.png; path = stressed0.png; sourceTree = "<group>"; };
		95B496CA15692E450011D457 /* stressed0@2x.png */ = {isa = PBXFileReference; lastKnownFileType = image.png; path = "stressed0@2x.png"; sourceTree = "<group>"; };
		95B496CD156936530011D457 /* stressed4.png */ = {isa = PBXFileReference; lastKnownFileType = image.png; path = stressed4.png; sourceTree = "<group>"; };
		95B496CE156936530011D457 /* stressed4@2x.png */ = {isa = PBXFileReference; lastKnownFileType = image.png; path = "stressed4@2x.png"; sourceTree = "<group>"; };
		95B496CF156936530011D457 /* stressed3.png */ = {isa = PBXFileReference; lastKnownFileType = image.png; path = stressed3.png; sourceTree = "<group>"; };
		95B496D0156936530011D457 /* stressed3@2x.png */ = {isa = PBXFileReference; lastKnownFileType = image.png; path = "stressed3@2x.png"; sourceTree = "<group>"; };
		95B496D1156936530011D457 /* stressed2.png */ = {isa = PBXFileReference; lastKnownFileType = image.png; path = stressed2.png; sourceTree = "<group>"; };
		95B496D2156936530011D457 /* stressed2@2x.png */ = {isa = PBXFileReference; lastKnownFileType = image.png; path = "stressed2@2x.png"; sourceTree = "<group>"; };
		95B496D3156936530011D457 /* stressed1.png */ = {isa = PBXFileReference; lastKnownFileType = image.png; path = stressed1.png; sourceTree = "<group>"; };
		95B496D4156936530011D457 /* stressed1@2x.png */ = {isa = PBXFileReference; lastKnownFileType = image.png; path = "stressed1@2x.png"; sourceTree = "<group>"; };
		95B496DD1569C8670011D457 /* owl5.png */ = {isa = PBXFileReference; lastKnownFileType = image.png; path = owl5.png; sourceTree = "<group>"; };
		95B496DE1569C8670011D457 /* owl4.png */ = {isa = PBXFileReference; lastKnownFileType = image.png; path = owl4.png; sourceTree = "<group>"; };
		95B496DF1569C8670011D457 /* owl3.png */ = {isa = PBXFileReference; lastKnownFileType = image.png; path = owl3.png; sourceTree = "<group>"; };
		95B496E01569C8670011D457 /* owl2.png */ = {isa = PBXFileReference; lastKnownFileType = image.png; path = owl2.png; sourceTree = "<group>"; };
		95B496E11569C8670011D457 /* owl1.png */ = {isa = PBXFileReference; lastKnownFileType = image.png; path = owl1.png; sourceTree = "<group>"; };
		BF21AF8A1567B66A00B86DAE /* SCDLifeStyle.app */ = {isa = PBXFileReference; explicitFileType = wrapper.application; includeInIndex = 0; path = SCDLifeStyle.app; sourceTree = BUILT_PRODUCTS_DIR; };
		BF21AF8E1567B66A00B86DAE /* UIKit.framework */ = {isa = PBXFileReference; lastKnownFileType = wrapper.framework; name = UIKit.framework; path = System/Library/Frameworks/UIKit.framework; sourceTree = SDKROOT; };
		BF21AF901567B66A00B86DAE /* Foundation.framework */ = {isa = PBXFileReference; lastKnownFileType = wrapper.framework; name = Foundation.framework; path = System/Library/Frameworks/Foundation.framework; sourceTree = SDKROOT; };
		BF21AF921567B66A00B86DAE /* CoreGraphics.framework */ = {isa = PBXFileReference; lastKnownFileType = wrapper.framework; name = CoreGraphics.framework; path = System/Library/Frameworks/CoreGraphics.framework; sourceTree = SDKROOT; };
		BF21AF961567B66A00B86DAE /* SCDLifeStyle-Info.plist */ = {isa = PBXFileReference; lastKnownFileType = text.plist.xml; path = "SCDLifeStyle-Info.plist"; sourceTree = "<group>"; };
		BF21AF981567B66A00B86DAE /* en */ = {isa = PBXFileReference; lastKnownFileType = text.plist.strings; name = en; path = en.lproj/InfoPlist.strings; sourceTree = "<group>"; };
		BF21AF9A1567B66A00B86DAE /* main.m */ = {isa = PBXFileReference; lastKnownFileType = sourcecode.c.objc; path = main.m; sourceTree = "<group>"; };
		BF21AF9C1567B66A00B86DAE /* SCDLifeStyle-Prefix.pch */ = {isa = PBXFileReference; lastKnownFileType = sourcecode.c.h; path = "SCDLifeStyle-Prefix.pch"; sourceTree = "<group>"; };
		BF21AF9D1567B66A00B86DAE /* AppDelegate.h */ = {isa = PBXFileReference; lastKnownFileType = sourcecode.c.h; path = AppDelegate.h; sourceTree = "<group>"; };
		BF21AF9E1567B66A00B86DAE /* AppDelegate.m */ = {isa = PBXFileReference; lastKnownFileType = sourcecode.c.objc; path = AppDelegate.m; sourceTree = "<group>"; };
		BF21AFA11567B66A00B86DAE /* en */ = {isa = PBXFileReference; lastKnownFileType = file.storyboard; name = en; path = en.lproj/MainStoryboard.storyboard; sourceTree = "<group>"; };
		BF21AFA31567B66A00B86DAE /* MainViewController.h */ = {isa = PBXFileReference; lastKnownFileType = sourcecode.c.h; path = MainViewController.h; sourceTree = "<group>"; };
		BF21AFA41567B66A00B86DAE /* MainViewController.m */ = {isa = PBXFileReference; lastKnownFileType = sourcecode.c.objc; path = MainViewController.m; sourceTree = "<group>"; };
		BF21AFAE1567BC0400B86DAE /* DataModel.xcdatamodel */ = {isa = PBXFileReference; lastKnownFileType = wrapper.xcdatamodel; path = DataModel.xcdatamodel; sourceTree = "<group>"; };
		BF21AFB01567BFA600B86DAE /* Stool.h */ = {isa = PBXFileReference; fileEncoding = 4; lastKnownFileType = sourcecode.c.h; path = Stool.h; sourceTree = "<group>"; };
		BF21AFB11567BFA600B86DAE /* Stool.m */ = {isa = PBXFileReference; fileEncoding = 4; lastKnownFileType = sourcecode.c.objc; path = Stool.m; sourceTree = "<group>"; };
		BF21AFB31567BFCA00B86DAE /* Day.h */ = {isa = PBXFileReference; fileEncoding = 4; lastKnownFileType = sourcecode.c.h; path = Day.h; sourceTree = "<group>"; };
		BF21AFB41567BFCA00B86DAE /* Day.m */ = {isa = PBXFileReference; fileEncoding = 4; lastKnownFileType = sourcecode.c.objc; path = Day.m; sourceTree = "<group>"; };
		BF21AFB61567C0DF00B86DAE /* CoreData.framework */ = {isa = PBXFileReference; lastKnownFileType = wrapper.framework; name = CoreData.framework; path = System/Library/Frameworks/CoreData.framework; sourceTree = SDKROOT; };
		BF21AFB81567C6AD00B86DAE /* BaseViewController.h */ = {isa = PBXFileReference; fileEncoding = 4; lastKnownFileType = sourcecode.c.h; path = BaseViewController.h; sourceTree = "<group>"; };
		BF21AFB91567C6AD00B86DAE /* BaseViewController.m */ = {isa = PBXFileReference; fileEncoding = 4; lastKnownFileType = sourcecode.c.objc; path = BaseViewController.m; sourceTree = "<group>"; };
		BF21AFBB1567C6F100B86DAE /* AddDayViewController.h */ = {isa = PBXFileReference; fileEncoding = 4; lastKnownFileType = sourcecode.c.h; path = AddDayViewController.h; sourceTree = "<group>"; };
		BF21AFBC1567C6F100B86DAE /* AddDayViewController.m */ = {isa = PBXFileReference; fileEncoding = 4; lastKnownFileType = sourcecode.c.objc; path = AddDayViewController.m; sourceTree = "<group>"; };
		BF21AFBF1567D1E600B86DAE /* Util.h */ = {isa = PBXFileReference; fileEncoding = 4; lastKnownFileType = sourcecode.c.h; path = Util.h; sourceTree = "<group>"; };
		BF21AFC01567D1E600B86DAE /* Util.m */ = {isa = PBXFileReference; fileEncoding = 4; lastKnownFileType = sourcecode.c.objc; path = Util.m; sourceTree = "<group>"; };
		BF21AFC8156942FD00B86DAE /* Bar.h */ = {isa = PBXFileReference; fileEncoding = 4; lastKnownFileType = sourcecode.c.h; path = Bar.h; sourceTree = "<group>"; };
		BF21AFC9156942FD00B86DAE /* Bar.m */ = {isa = PBXFileReference; fileEncoding = 4; lastKnownFileType = sourcecode.c.objc; path = Bar.m; sourceTree = "<group>"; };
/* End PBXFileReference section */

/* Begin PBXFrameworksBuildPhase section */
		BF21AF871567B66A00B86DAE /* Frameworks */ = {
			isa = PBXFrameworksBuildPhase;
			buildActionMask = 2147483647;
			files = (
				BF21AFB71567C0DF00B86DAE /* CoreData.framework in Frameworks */,
				BF21AF8F1567B66A00B86DAE /* UIKit.framework in Frameworks */,
				BF21AF911567B66A00B86DAE /* Foundation.framework in Frameworks */,
				BF21AF931567B66A00B86DAE /* CoreGraphics.framework in Frameworks */,
			);
			runOnlyForDeploymentPostprocessing = 0;
		};
/* End PBXFrameworksBuildPhase section */

/* Begin PBXGroup section */
		95B4967C156911210011D457 /* assets */ = {
			isa = PBXGroup;
			children = (
				95B4967D156911420011D457 /* home_bg1.png */,
				95B4967E156911420011D457 /* home_bg1@2x.png */,
				95B49681156911CB0011D457 /* home_sleep_bar_top.png */,
				95B49682156911CB0011D457 /* home_sleep_bar_top@2x.png */,
				95B49683156911CB0011D457 /* home_sleep_bar.png */,
				95B49684156911CB0011D457 /* home_sleep_bar@2x.png */,
				95B49685156911CB0011D457 /* home_stool_bar_top.png */,
				95B49686156911CB0011D457 /* home_stool_bar_top@2x.png */,
				95B49687156911CB0011D457 /* home_stool_bar.png */,
				95B49688156911CB0011D457 /* home_stool_bar@2x.png */,
				95B49689156911CC0011D457 /* home_stress_bar_top.png */,
				95B4968A156911CC0011D457 /* home_stress_bar_top@2x.png */,
				95B4968B156911CC0011D457 /* home_stress_bar.png */,
				95B496A1156913660011D457 /* home_bg.png */,
				95B496A2156913660011D457 /* home_bg@2x.png */,
				95B4968C156911CC0011D457 /* home_stress_bar@2x.png */,
				95B49699156912FD0011D457 /* home_activity_bar_top.png */,
				95B4969A156912FD0011D457 /* home_activity_bar_top@2x.png */,
				95B4969B156912FD0011D457 /* home_activity_bar.png */,
				95B4969C156912FD0011D457 /* home_activity_bar@2x.png */,
				95B496A9156914B30011D457 /* active0.png */,
				95B496AA156914B30011D457 /* active0@2x.png */,
				95B496AD156916970011D457 /* active0s.png */,
				95B496AE156916970011D457 /* active0s@2x.png */,
				95B496B5156917BB0011D457 /* active1.png */,
				95B496B6156917BB0011D457 /* active1@2x.png */,
				95B496B91569182A0011D457 /* active2.png */,
				95B496BA1569182A0011D457 /* active2@2x.png */,
				95B496BD156918B30011D457 /* active3.png */,
				95B496BE156918B30011D457 /* active3@2x.png */,
				95B496C1156923220011D457 /* nav_button.png */,
				951881C4156C7B6B001B614B /* poo1.png */,
				951881C5156C7B6B001B614B /* poo1@2x.png */,
				951881C6156C7B6B001B614B /* poo2.png */,
				951881C7156C7B6B001B614B /* poo2@2x.png */,
				951881C8156C7B6B001B614B /* poo3.png */,
				951881C9156C7B6B001B614B /* poo3@2x.png */,
				951881CA156C7B6B001B614B /* poo4.png */,
				951881CB156C7B6B001B614B /* poo4@2x.png */,
				951881CC156C7B6B001B614B /* poo5.png */,
				951881CD156C7B6B001B614B /* poo5@2x.png */,
				951881CE156C7B6B001B614B /* poo6.png */,
				951881CF156C7B6B001B614B /* poo6@2x.png */,
				951881D0156C7B6B001B614B /* poo7.png */,
				951881D1156C7B6B001B614B /* poo7@2x.png */,
				95B496C2156923220011D457 /* nav_button@2x.png */,
				95B496C3156923220011D457 /* header.png */,
				95B496C4156923220011D457 /* header@2x.png */,
				95B496C915692E450011D457 /* stressed0.png */,
				95B496CA15692E450011D457 /* stressed0@2x.png */,
				951881C0156A9955001B614B /* add_bg.png */,
				951881C1156A9955001B614B /* add_bg@2x.png */,
				95B496CD156936530011D457 /* stressed4.png */,
				95B496CE156936530011D457 /* stressed4@2x.png */,
				95B496CF156936530011D457 /* stressed3.png */,
				95B496DD1569C8670011D457 /* owl5.png */,
				95B496DE1569C8670011D457 /* owl4.png */,
				95B496DF1569C8670011D457 /* owl3.png */,
				95B496E01569C8670011D457 /* owl2.png */,
				95B496E11569C8670011D457 /* owl1.png */,
				95B496D0156936530011D457 /* stressed3@2x.png */,
				95B496D1156936530011D457 /* stressed2.png */,
				95B496D2156936530011D457 /* stressed2@2x.png */,
				95B496D3156936530011D457 /* stressed1.png */,
				95B496D4156936530011D457 /* stressed1@2x.png */,
			);
			name = assets;
			sourceTree = "<group>";
		};
		BF21AF7F1567B66A00B86DAE = {
			isa = PBXGroup;
			children = (
				BF21AF941567B66A00B86DAE /* SCDLifeStyle */,
				BF21AF8D1567B66A00B86DAE /* Frameworks */,
				BF21AF8B1567B66A00B86DAE /* Products */,
			);
			sourceTree = "<group>";
		};
		BF21AF8B1567B66A00B86DAE /* Products */ = {
			isa = PBXGroup;
			children = (
				BF21AF8A1567B66A00B86DAE /* SCDLifeStyle.app */,
			);
			name = Products;
			sourceTree = "<group>";
		};
		BF21AF8D1567B66A00B86DAE /* Frameworks */ = {
			isa = PBXGroup;
			children = (
				BF21AFB61567C0DF00B86DAE /* CoreData.framework */,
				BF21AF8E1567B66A00B86DAE /* UIKit.framework */,
				BF21AF901567B66A00B86DAE /* Foundation.framework */,
				BF21AF921567B66A00B86DAE /* CoreGraphics.framework */,
			);
			name = Frameworks;
			sourceTree = "<group>";
		};
		BF21AF941567B66A00B86DAE /* SCDLifeStyle */ = {
			isa = PBXGroup;
			children = (
				BF21AFC6156942C600B86DAE /* Components */,
				95B4967C156911210011D457 /* assets */,
				BF21AFBE1567D1C500B86DAE /* Util */,
				BF21AFAC1567BBAB00B86DAE /* Data */,
				BF21AFAB1567B86100B86DAE /* Views */,
				BF21AF9D1567B66A00B86DAE /* AppDelegate.h */,
				BF21AF9E1567B66A00B86DAE /* AppDelegate.m */,
				BF21AFA01567B66A00B86DAE /* MainStoryboard.storyboard */,
				BF21AF951567B66A00B86DAE /* Supporting Files */,
			);
			path = SCDLifeStyle;
			sourceTree = "<group>";
		};
		BF21AF951567B66A00B86DAE /* Supporting Files */ = {
			isa = PBXGroup;
			children = (
				BF21AF961567B66A00B86DAE /* SCDLifeStyle-Info.plist */,
				BF21AF971567B66A00B86DAE /* InfoPlist.strings */,
				BF21AF9A1567B66A00B86DAE /* main.m */,
				BF21AF9C1567B66A00B86DAE /* SCDLifeStyle-Prefix.pch */,
			);
			name = "Supporting Files";
			sourceTree = "<group>";
		};
		BF21AFAB1567B86100B86DAE /* Views */ = {
			isa = PBXGroup;
			children = (
				BF21AFB81567C6AD00B86DAE /* BaseViewController.h */,
				BF21AFB91567C6AD00B86DAE /* BaseViewController.m */,
				BF21AFA31567B66A00B86DAE /* MainViewController.h */,
				BF21AFA41567B66A00B86DAE /* MainViewController.m */,
				BF21AFBB1567C6F100B86DAE /* AddDayViewController.h */,
				BF21AFBC1567C6F100B86DAE /* AddDayViewController.m */,
				95B4967815690DD00011D457 /* ChallengesViewController.h */,
				95B4967915690DD00011D457 /* ChallengesViewController.m */,
			);
			name = Views;
			sourceTree = "<group>";
		};
		BF21AFAC1567BBAB00B86DAE /* Data */ = {
			isa = PBXGroup;
			children = (
				BF21AFAD1567BC0400B86DAE /* DataModel.xcdatamodeld */,
				BF21AFB01567BFA600B86DAE /* Stool.h */,
				BF21AFB11567BFA600B86DAE /* Stool.m */,
				BF21AFB31567BFCA00B86DAE /* Day.h */,
				BF21AFB41567BFCA00B86DAE /* Day.m */,
			);
			name = Data;
			sourceTree = "<group>";
		};
		BF21AFBE1567D1C500B86DAE /* Util */ = {
			isa = PBXGroup;
			children = (
				BF21AFBF1567D1E600B86DAE /* Util.h */,
				BF21AFC01567D1E600B86DAE /* Util.m */,
			);
			name = Util;
			sourceTree = "<group>";
		};
		BF21AFC6156942C600B86DAE /* Components */ = {
			isa = PBXGroup;
			children = (
				BF21AFC8156942FD00B86DAE /* Bar.h */,
				BF21AFC9156942FD00B86DAE /* Bar.m */,
			);
			name = Components;
			sourceTree = "<group>";
		};
/* End PBXGroup section */

/* Begin PBXNativeTarget section */
		BF21AF891567B66A00B86DAE /* SCDLifeStyle */ = {
			isa = PBXNativeTarget;
			buildConfigurationList = BF21AFA81567B66A00B86DAE /* Build configuration list for PBXNativeTarget "SCDLifeStyle" */;
			buildPhases = (
				BF21AF861567B66A00B86DAE /* Sources */,
				BF21AF871567B66A00B86DAE /* Frameworks */,
				BF21AF881567B66A00B86DAE /* Resources */,
			);
			buildRules = (
			);
			dependencies = (
			);
			name = SCDLifeStyle;
			productName = SCDLifeStyle;
			productReference = BF21AF8A1567B66A00B86DAE /* SCDLifeStyle.app */;
			productType = "com.apple.product-type.application";
		};
/* End PBXNativeTarget section */

/* Begin PBXProject section */
		BF21AF811567B66A00B86DAE /* Project object */ = {
			isa = PBXProject;
			attributes = {
				LastUpgradeCheck = 0430;
			};
			buildConfigurationList = BF21AF841567B66A00B86DAE /* Build configuration list for PBXProject "SCDLifeStyle" */;
			compatibilityVersion = "Xcode 3.2";
			developmentRegion = English;
			hasScannedForEncodings = 0;
			knownRegions = (
				en,
			);
			mainGroup = BF21AF7F1567B66A00B86DAE;
			productRefGroup = BF21AF8B1567B66A00B86DAE /* Products */;
			projectDirPath = "";
			projectRoot = "";
			targets = (
				BF21AF891567B66A00B86DAE /* SCDLifeStyle */,
			);
		};
/* End PBXProject section */

/* Begin PBXResourcesBuildPhase section */
		BF21AF881567B66A00B86DAE /* Resources */ = {
			isa = PBXResourcesBuildPhase;
			buildActionMask = 2147483647;
			files = (
				BF21AF991567B66A00B86DAE /* InfoPlist.strings in Resources */,
				BF21AFA21567B66A00B86DAE /* MainStoryboard.storyboard in Resources */,
				95B4967F156911420011D457 /* home_bg1.png in Resources */,
				95B49680156911420011D457 /* home_bg1@2x.png in Resources */,
				95B4968D156911CC0011D457 /* home_sleep_bar_top.png in Resources */,
				95B4968E156911CC0011D457 /* home_sleep_bar_top@2x.png in Resources */,
				95B4968F156911CC0011D457 /* home_sleep_bar.png in Resources */,
				95B49690156911CC0011D457 /* home_sleep_bar@2x.png in Resources */,
				95B49691156911CC0011D457 /* home_stool_bar_top.png in Resources */,
				95B49692156911CC0011D457 /* home_stool_bar_top@2x.png in Resources */,
				95B49693156911CC0011D457 /* home_stool_bar.png in Resources */,
				95B49694156911CC0011D457 /* home_stool_bar@2x.png in Resources */,
				95B49695156911CC0011D457 /* home_stress_bar_top.png in Resources */,
				95B49696156911CC0011D457 /* home_stress_bar_top@2x.png in Resources */,
				95B49697156911CC0011D457 /* home_stress_bar.png in Resources */,
				95B49698156911CC0011D457 /* home_stress_bar@2x.png in Resources */,
				95B4969D156912FD0011D457 /* home_activity_bar_top.png in Resources */,
				95B4969E156912FD0011D457 /* home_activity_bar_top@2x.png in Resources */,
				95B4969F156912FD0011D457 /* home_activity_bar.png in Resources */,
				95B496A0156912FD0011D457 /* home_activity_bar@2x.png in Resources */,
				95B496A3156913660011D457 /* home_bg.png in Resources */,
				95B496A4156913660011D457 /* home_bg@2x.png in Resources */,
				95B496AB156914B30011D457 /* active0.png in Resources */,
				95B496AC156914B30011D457 /* active0@2x.png in Resources */,
				95B496AF156916970011D457 /* active0s.png in Resources */,
				95B496B0156916970011D457 /* active0s@2x.png in Resources */,
				95B496B7156917BB0011D457 /* active1.png in Resources */,
				95B496B8156917BB0011D457 /* active1@2x.png in Resources */,
				95B496BB1569182A0011D457 /* active2.png in Resources */,
				95B496BC1569182A0011D457 /* active2@2x.png in Resources */,
				95B496BF156918B30011D457 /* active3.png in Resources */,
				95B496C0156918B30011D457 /* active3@2x.png in Resources */,
				95B496C5156923220011D457 /* nav_button.png in Resources */,
				95B496C6156923220011D457 /* nav_button@2x.png in Resources */,
				95B496C7156923220011D457 /* header.png in Resources */,
				95B496C8156923220011D457 /* header@2x.png in Resources */,
				95B496CB15692E450011D457 /* stressed0.png in Resources */,
				95B496CC15692E450011D457 /* stressed0@2x.png in Resources */,
				95B496D5156936530011D457 /* stressed4.png in Resources */,
				95B496D6156936530011D457 /* stressed4@2x.png in Resources */,
				95B496D7156936530011D457 /* stressed3.png in Resources */,
				95B496D8156936530011D457 /* stressed3@2x.png in Resources */,
				95B496D9156936530011D457 /* stressed2.png in Resources */,
				95B496DA156936530011D457 /* stressed2@2x.png in Resources */,
				95B496DB156936530011D457 /* stressed1.png in Resources */,
				95B496DC156936530011D457 /* stressed1@2x.png in Resources */,
				95B496E21569C8670011D457 /* owl5.png in Resources */,
				95B496E31569C8670011D457 /* owl4.png in Resources */,
				95B496E41569C8670011D457 /* owl3.png in Resources */,
				95B496E51569C8670011D457 /* owl2.png in Resources */,
				95B496E61569C8670011D457 /* owl1.png in Resources */,
				951881C2156A9955001B614B /* add_bg.png in Resources */,
				951881C3156A9955001B614B /* add_bg@2x.png in Resources */,
				951881D2156C7B6B001B614B /* poo1.png in Resources */,
				951881D3156C7B6B001B614B /* poo1@2x.png in Resources */,
				951881D4156C7B6B001B614B /* poo2.png in Resources */,
				951881D5156C7B6B001B614B /* poo2@2x.png in Resources */,
				951881D6156C7B6B001B614B /* poo3.png in Resources */,
				951881D7156C7B6B001B614B /* poo3@2x.png in Resources */,
				951881D8156C7B6B001B614B /* poo4.png in Resources */,
				951881D9156C7B6B001B614B /* poo4@2x.png in Resources */,
				951881DA156C7B6B001B614B /* poo5.png in Resources */,
				951881DB156C7B6B001B614B /* poo5@2x.png in Resources */,
				951881DC156C7B6B001B614B /* poo6.png in Resources */,
				951881DD156C7B6B001B614B /* poo6@2x.png in Resources */,
				951881DE156C7B6B001B614B /* poo7.png in Resources */,
				951881DF156C7B6B001B614B /* poo7@2x.png in Resources */,
			);
			runOnlyForDeploymentPostprocessing = 0;
		};
/* End PBXResourcesBuildPhase section */

/* Begin PBXSourcesBuildPhase section */
		BF21AF861567B66A00B86DAE /* Sources */ = {
			isa = PBXSourcesBuildPhase;
			buildActionMask = 2147483647;
			files = (
				BF21AF9B1567B66A00B86DAE /* main.m in Sources */,
				BF21AF9F1567B66A00B86DAE /* AppDelegate.m in Sources */,
				BF21AFA51567B66A00B86DAE /* MainViewController.m in Sources */,
				BF21AFAF1567BC0400B86DAE /* DataModel.xcdatamodeld in Sources */,
				BF21AFB21567BFA600B86DAE /* Stool.m in Sources */,
				BF21AFB51567BFCA00B86DAE /* Day.m in Sources */,
				BF21AFBA1567C6AD00B86DAE /* BaseViewController.m in Sources */,
				BF21AFBD1567C6F100B86DAE /* AddDayViewController.m in Sources */,
				BF21AFC11567D1E600B86DAE /* Util.m in Sources */,
				95B4967A15690DD00011D457 /* ChallengesViewController.m in Sources */,
				BF21AFCA156942FD00B86DAE /* Bar.m in Sources */,
			);
			runOnlyForDeploymentPostprocessing = 0;
		};
/* End PBXSourcesBuildPhase section */

/* Begin PBXVariantGroup section */
		BF21AF971567B66A00B86DAE /* InfoPlist.strings */ = {
			isa = PBXVariantGroup;
			children = (
				BF21AF981567B66A00B86DAE /* en */,
			);
			name = InfoPlist.strings;
			sourceTree = "<group>";
		};
		BF21AFA01567B66A00B86DAE /* MainStoryboard.storyboard */ = {
			isa = PBXVariantGroup;
			children = (
				BF21AFA11567B66A00B86DAE /* en */,
			);
			name = MainStoryboard.storyboard;
			sourceTree = "<group>";
		};
/* End PBXVariantGroup section */

/* Begin XCBuildConfiguration section */
		BF21AFA61567B66A00B86DAE /* Debug */ = {
			isa = XCBuildConfiguration;
			buildSettings = {
				ALWAYS_SEARCH_USER_PATHS = NO;
				ARCHS = "$(ARCHS_STANDARD_32_BIT)";
				CLANG_ENABLE_OBJC_ARC = YES;
				"CODE_SIGN_IDENTITY[sdk=iphoneos*]" = "iPhone Developer";
				COPY_PHASE_STRIP = NO;
				GCC_C_LANGUAGE_STANDARD = gnu99;
				GCC_DYNAMIC_NO_PIC = NO;
				GCC_OPTIMIZATION_LEVEL = 0;
				GCC_PREPROCESSOR_DEFINITIONS = (
					"DEBUG=1",
					"$(inherited)",
				);
				GCC_SYMBOLS_PRIVATE_EXTERN = NO;
				GCC_VERSION = com.apple.compilers.llvm.clang.1_0;
				GCC_WARN_ABOUT_RETURN_TYPE = YES;
				GCC_WARN_UNINITIALIZED_AUTOS = YES;
				GCC_WARN_UNUSED_VARIABLE = YES;
				IPHONEOS_DEPLOYMENT_TARGET = 5.1;
				SDKROOT = iphoneos;
			};
			name = Debug;
		};
		BF21AFA71567B66A00B86DAE /* Release */ = {
			isa = XCBuildConfiguration;
			buildSettings = {
				ALWAYS_SEARCH_USER_PATHS = NO;
				ARCHS = "$(ARCHS_STANDARD_32_BIT)";
				CLANG_ENABLE_OBJC_ARC = YES;
				"CODE_SIGN_IDENTITY[sdk=iphoneos*]" = "iPhone Developer";
				COPY_PHASE_STRIP = YES;
				GCC_C_LANGUAGE_STANDARD = gnu99;
				GCC_VERSION = com.apple.compilers.llvm.clang.1_0;
				GCC_WARN_ABOUT_RETURN_TYPE = YES;
				GCC_WARN_UNINITIALIZED_AUTOS = YES;
				GCC_WARN_UNUSED_VARIABLE = YES;
				IPHONEOS_DEPLOYMENT_TARGET = 5.1;
				OTHER_CFLAGS = "-DNS_BLOCK_ASSERTIONS=1";
				SDKROOT = iphoneos;
				VALIDATE_PRODUCT = YES;
			};
			name = Release;
		};
		BF21AFA91567B66A00B86DAE /* Debug */ = {
			isa = XCBuildConfiguration;
			buildSettings = {
				GCC_PRECOMPILE_PREFIX_HEADER = YES;
				GCC_PREFIX_HEADER = "SCDLifeStyle/SCDLifeStyle-Prefix.pch";
				INFOPLIST_FILE = "SCDLifeStyle/SCDLifeStyle-Info.plist";
				PRODUCT_NAME = "$(TARGET_NAME)";
				WRAPPER_EXTENSION = app;
			};
			name = Debug;
		};
		BF21AFAA1567B66A00B86DAE /* Release */ = {
			isa = XCBuildConfiguration;
			buildSettings = {
				GCC_PRECOMPILE_PREFIX_HEADER = YES;
				GCC_PREFIX_HEADER = "SCDLifeStyle/SCDLifeStyle-Prefix.pch";
				INFOPLIST_FILE = "SCDLifeStyle/SCDLifeStyle-Info.plist";
				PRODUCT_NAME = "$(TARGET_NAME)";
				WRAPPER_EXTENSION = app;
			};
			name = Release;
		};
/* End XCBuildConfiguration section */

/* Begin XCConfigurationList section */
		BF21AF841567B66A00B86DAE /* Build configuration list for PBXProject "SCDLifeStyle" */ = {
			isa = XCConfigurationList;
			buildConfigurations = (
				BF21AFA61567B66A00B86DAE /* Debug */,
				BF21AFA71567B66A00B86DAE /* Release */,
			);
			defaultConfigurationIsVisible = 0;
			defaultConfigurationName = Release;
		};
		BF21AFA81567B66A00B86DAE /* Build configuration list for PBXNativeTarget "SCDLifeStyle" */ = {
			isa = XCConfigurationList;
			buildConfigurations = (
				BF21AFA91567B66A00B86DAE /* Debug */,
				BF21AFAA1567B66A00B86DAE /* Release */,
			);
			defaultConfigurationIsVisible = 0;
			defaultConfigurationName = Release;
		};
/* End XCConfigurationList section */

/* Begin XCVersionGroup section */
		BF21AFAD1567BC0400B86DAE /* DataModel.xcdatamodeld */ = {
			isa = XCVersionGroup;
			children = (
				BF21AFAE1567BC0400B86DAE /* DataModel.xcdatamodel */,
			);
			currentVersion = BF21AFAE1567BC0400B86DAE /* DataModel.xcdatamodel */;
			path = DataModel.xcdatamodeld;
			sourceTree = "<group>";
			versionGroupType = wrapper.xcdatamodel;
		};
/* End XCVersionGroup section */
	};
	rootObject = BF21AF811567B66A00B86DAE /* Project object */;
}
